// !$*UTF8*$!
{
	archiveVersion = 1;
	classes = {
	};
	objectVersion = 55;
	objects = {

/* Begin PBXBuildFile section */
		D92879E4283EEE1D00369CE5 /* Bolsonaro - Buscamos uma solucao, quem tiver tras pra mim tras pra mim.mp3 in Resources */ = {isa = PBXBuildFile; fileRef = D92879E3283EEE1D00369CE5 /* Bolsonaro - Buscamos uma solucao, quem tiver tras pra mim tras pra mim.mp3 */; };
		D92879E7283EF00600369CE5 /* Nao era fake news era jornalismo.mp3 in Resources */ = {isa = PBXBuildFile; fileRef = D92879E5283EF00600369CE5 /* Nao era fake news era jornalismo.mp3 */; };
		D92879E8283EF00600369CE5 /* Pena que nao pode ver um impeachment.mp3 in Resources */ = {isa = PBXBuildFile; fileRef = D92879E6283EF00600369CE5 /* Pena que nao pode ver um impeachment.mp3 */; };
		D92879F1283EF35800369CE5 /* Silas Malafaia - Não seja um mentiroso short.mp3 in Resources */ = {isa = PBXBuildFile; fileRef = D92879E9283EF35700369CE5 /* Silas Malafaia - Não seja um mentiroso short.mp3 */; };
		D92879F2283EF35800369CE5 /* Fernando Collor - Tres vezes dizendo que e mentira.mp3 in Resources */ = {isa = PBXBuildFile; fileRef = D92879EA283EF35700369CE5 /* Fernando Collor - Tres vezes dizendo que e mentira.mp3 */; };
		D92879F3283EF35800369CE5 /* Bonitinha mas ordinaria - E mentira dele meme short.mp3 in Resources */ = {isa = PBXBuildFile; fileRef = D92879EB283EF35700369CE5 /* Bonitinha mas ordinaria - E mentira dele meme short.mp3 */; };
		D92879F4283EF35800369CE5 /* Mourão - Você é muito mais físico do que intelectual short.mp3 in Resources */ = {isa = PBXBuildFile; fileRef = D92879EC283EF35700369CE5 /* Mourão - Você é muito mais físico do que intelectual short.mp3 */; };
		D92879F5283EF35800369CE5 /* Bonitinha mas ordinaria - Mentira.mp3 in Resources */ = {isa = PBXBuildFile; fileRef = D92879ED283EF35800369CE5 /* Bonitinha mas ordinaria - Mentira.mp3 */; };
		D92879F6283EF35800369CE5 /* Quercia - E mentira, e tudo mentira.mp3 in Resources */ = {isa = PBXBuildFile; fileRef = D92879EE283EF35800369CE5 /* Quercia - E mentira, e tudo mentira.mp3 */; };
		D92879F7283EF35800369CE5 /* Fernando Collor - Isso e uma mentira uma pantomima uma patuscada short.mp3 in Resources */ = {isa = PBXBuildFile; fileRef = D92879EF283EF35800369CE5 /* Fernando Collor - Isso e uma mentira uma pantomima uma patuscada short.mp3 */; };
		D92879F8283EF35800369CE5 /* Quercia - Mentiroso e caluniador, caluniador e mentiroso.mp3 in Resources */ = {isa = PBXBuildFile; fileRef = D92879F0283EF35800369CE5 /* Quercia - Mentiroso e caluniador, caluniador e mentiroso.mp3 */; };
		D92879FD283EF57000369CE5 /* Hassum - Nem fodendo.mp3 in Resources */ = {isa = PBXBuildFile; fileRef = D92879F9283EF57000369CE5 /* Hassum - Nem fodendo.mp3 */; };
		D92879FE283EF57000369CE5 /* Neto - Cês tão de brincadeira.mp3 in Resources */ = {isa = PBXBuildFile; fileRef = D92879FA283EF57000369CE5 /* Neto - Cês tão de brincadeira.mp3 */; };
		D92879FF283EF57000369CE5 /* MIDCAST - Teu cu.mp3 in Resources */ = {isa = PBXBuildFile; fileRef = D92879FB283EF57000369CE5 /* MIDCAST - Teu cu.mp3 */; };
		D9287A00283EF57000369CE5 /* Craque Neto - E cuidado com a cueca hein, cuidado com a cueca.mp3 in Resources */ = {isa = PBXBuildFile; fileRef = D92879FC283EF57000369CE5 /* Craque Neto - E cuidado com a cueca hein, cuidado com a cueca.mp3 */; };
		D9287A02283EF57D00369CE5 /* Que porra e essa batata.mp3 in Resources */ = {isa = PBXBuildFile; fileRef = D9287A01283EF57D00369CE5 /* Que porra e essa batata.mp3 */; };
		D9287A04283EF59F00369CE5 /* Neto - Vocês estão de sacanagem short.mp3 in Resources */ = {isa = PBXBuildFile; fileRef = D9287A03283EF59F00369CE5 /* Neto - Vocês estão de sacanagem short.mp3 */; };
		D9287A08283EF62E00369CE5 /* Abraham Weintraub - odeio odeio odeio short.mp3 in Resources */ = {isa = PBXBuildFile; fileRef = D9287A07283EF62E00369CE5 /* Abraham Weintraub - odeio odeio odeio short.mp3 */; };
		D9287A0A283EF6C300369CE5 /* Boldo - Deixa com a cara magoada.mp3 in Resources */ = {isa = PBXBuildFile; fileRef = D9287A09283EF6C300369CE5 /* Boldo - Deixa com a cara magoada.mp3 */; };
		D9287A0D283EF77F00369CE5 /* Sabe que voce e muito petulante.mp3 in Resources */ = {isa = PBXBuildFile; fileRef = D9287A0B283EF77F00369CE5 /* Sabe que voce e muito petulante.mp3 */; };
		D9287A0E283EF77F00369CE5 /* Silas Malafaia - Nunca vi tu e burro cara.mp3 in Resources */ = {isa = PBXBuildFile; fileRef = D9287A0C283EF77F00369CE5 /* Silas Malafaia - Nunca vi tu e burro cara.mp3 */; };
		D92E7067283C51D20035826C /* Song.swift in Sources */ = {isa = PBXBuildFile; fileRef = D92E7066283C51D20035826C /* Song.swift */; };
		D92E706E283C5C2C0035826C /* Eu volto pro ostracismo.mp3 in Resources */ = {isa = PBXBuildFile; fileRef = D92E706B283C5C2C0035826C /* Eu volto pro ostracismo.mp3 */; };
		D92E7070283C5CF40035826C /* song_data.json in Resources */ = {isa = PBXBuildFile; fileRef = D92E706F283C5CF40035826C /* song_data.json */; };
		D92E7072283C5D990035826C /* SongsViewViewModel.swift in Sources */ = {isa = PBXBuildFile; fileRef = D92E7071283C5D990035826C /* SongsViewViewModel.swift */; };
		D92E7075283C5F620035826C /* SongCell.swift in Sources */ = {isa = PBXBuildFile; fileRef = D92E7074283C5F620035826C /* SongCell.swift */; };
		D9344323283812AD00ADCD38 /* Author.swift in Sources */ = {isa = PBXBuildFile; fileRef = D9344322283812AD00ADCD38 /* Author.swift */; };
		D93443252838177000ADCD38 /* UserInfo.swift in Sources */ = {isa = PBXBuildFile; fileRef = D93443242838177000ADCD38 /* UserInfo.swift */; };
		D934432728381DEF00ADCD38 /* author_data.json in Resources */ = {isa = PBXBuildFile; fileRef = D934432628381DEF00ADCD38 /* author_data.json */; };
		D93443292838230500ADCD38 /* String+Extensions.swift in Sources */ = {isa = PBXBuildFile; fileRef = D93443282838230500ADCD38 /* String+Extensions.swift */; };
		D940E27F283AA29600392D1C /* Feiticeira - Não é feitiçaria, é tecnologia meme short.mp3 in Resources */ = {isa = PBXBuildFile; fileRef = D940E27E283AA29600392D1C /* Feiticeira - Não é feitiçaria, é tecnologia meme short.mp3 */; };
		D940E29C283AA2C200392D1C /* esse_braga_neto_que_eh_um_bosta.mp3 in Resources */ = {isa = PBXBuildFile; fileRef = D940E280283AA2C200392D1C /* esse_braga_neto_que_eh_um_bosta.mp3 */; };
		D940E29D283AA2C200392D1C /* O CARA DA LUVA DE PEDREIRO - receba carai caralho.mp3 in Resources */ = {isa = PBXBuildFile; fileRef = D940E281283AA2C200392D1C /* O CARA DA LUVA DE PEDREIRO - receba carai caralho.mp3 */; };
		D940E29E283AA2C200392D1C /* um_bosta_ciro.mp3 in Resources */ = {isa = PBXBuildFile; fileRef = D940E282283AA2C200392D1C /* um_bosta_ciro.mp3 */; };
		D940E29F283AA2C200392D1C /* EMICIDA_no_loolapalooza_Tira_o_título_e_bolsonaro_vai_tomar_no_cu.mp3 in Resources */ = {isa = PBXBuildFile; fileRef = D940E283283AA2C200392D1C /* EMICIDA_no_loolapalooza_Tira_o_título_e_bolsonaro_vai_tomar_no_cu.mp3 */; };
		D940E2A0283AA2C200392D1C /* PORTA_DOS_FUNDOS_BALBÚRDIA_Bom_dia,_turma,_todo_mundo_tirando_a.mp3 in Resources */ = {isa = PBXBuildFile; fileRef = D940E284283AA2C200392D1C /* PORTA_DOS_FUNDOS_BALBÚRDIA_Bom_dia,_turma,_todo_mundo_tirando_a.mp3 */; };
		D940E2A1283AA2C200392D1C /* calma_calma_calma.mp3 in Resources */ = {isa = PBXBuildFile; fileRef = D940E285283AA2C200392D1C /* calma_calma_calma.mp3 */; };
		D940E2A2283AA2C200392D1C /* LUVA DE PEDREIRO - E, caralho carai, RECEBA.mp3 in Resources */ = {isa = PBXBuildFile; fileRef = D940E286283AA2C200392D1C /* LUVA DE PEDREIRO - E, caralho carai, RECEBA.mp3 */; };
		D940E2A3283AA2C200392D1C /* Away - nao fode mermao.mp3 in Resources */ = {isa = PBXBuildFile; fileRef = D940E287283AA2C200392D1C /* Away - nao fode mermao.mp3 */; };
		D940E2A4283AA2C200392D1C /* tv_senado_soraya_thronicke_a_gente_vai_cansando_sabe.mp3 in Resources */ = {isa = PBXBuildFile; fileRef = D940E288283AA2C200392D1C /* tv_senado_soraya_thronicke_a_gente_vai_cansando_sabe.mp3 */; };
		D940E2A5283AA2C200392D1C /* MULTISHOW_Titi_Muller_Ta_bombando_mais_do_que_o_povo_pedindo_Anitta.mp3 in Resources */ = {isa = PBXBuildFile; fileRef = D940E289283AA2C200392D1C /* MULTISHOW_Titi_Muller_Ta_bombando_mais_do_que_o_povo_pedindo_Anitta.mp3 */; };
		D940E2A6283AA2C200392D1C /* Deltan Dallangnol - Os meus advogados estão estarrecidos.mp3 in Resources */ = {isa = PBXBuildFile; fileRef = D940E28A283AA2C200392D1C /* Deltan Dallangnol - Os meus advogados estão estarrecidos.mp3 */; };
		D940E2A7283AA2C200392D1C /* esse_neto_bosta.mp3 in Resources */ = {isa = PBXBuildFile; fileRef = D940E28B283AA2C200392D1C /* esse_neto_bosta.mp3 */; };
		D940E2A8283AA2C200392D1C /* MULTISHOW - Lulu Santos - Censura nunca mais.mp3 in Resources */ = {isa = PBXBuildFile; fileRef = D940E28C283AA2C200392D1C /* MULTISHOW - Lulu Santos - Censura nunca mais.mp3 */; };
		D940E2A9283AA2C200392D1C /* Alborgeti - Que Merda Hein.mp3 in Resources */ = {isa = PBXBuildFile; fileRef = D940E28D283AA2C200392D1C /* Alborgeti - Que Merda Hein.mp3 */; };
		D940E2AA283AA2C200392D1C /* deu_errado.mp3 in Resources */ = {isa = PBXBuildFile; fileRef = D940E28E283AA2C200392D1C /* deu_errado.mp3 */; };
		D940E2AB283AA2C200392D1C /* ta_bom_xandao_ta_bom.mp3 in Resources */ = {isa = PBXBuildFile; fileRef = D940E28F283AA2C200392D1C /* ta_bom_xandao_ta_bom.mp3 */; };
		D940E2AC283AA2C200392D1C /* PODER36_Paulo_Guedes_Tem_mais_iPhones_no_Brasil_que_população_Brasileiros.mp3 in Resources */ = {isa = PBXBuildFile; fileRef = D940E290283AA2C200392D1C /* PODER36_Paulo_Guedes_Tem_mais_iPhones_no_Brasil_que_população_Brasileiros.mp3 */; };
		D940E2AD283AA2C200392D1C /* MULTISHOW_Gloria_Groove_Quer_dizer_que_eles_querem_calar_a_gente.mp3 in Resources */ = {isa = PBXBuildFile; fileRef = D940E291283AA2C200392D1C /* MULTISHOW_Gloria_Groove_Quer_dizer_que_eles_querem_calar_a_gente.mp3 */; };
		D940E2AE283AA2C200392D1C /* o_cachorro_do_supremo.mp3 in Resources */ = {isa = PBXBuildFile; fileRef = D940E292283AA2C200392D1C /* o_cachorro_do_supremo.mp3 */; };
		D940E2AF283AA2C200392D1C /* O CARA DA LUVA DE PEDREIRO - Receba.mp3 in Resources */ = {isa = PBXBuildFile; fileRef = D940E293283AA2C200392D1C /* O CARA DA LUVA DE PEDREIRO - Receba.mp3 */; };
		D940E2B1283AA2C200392D1C /* tu_ouviu_isso.mp3 in Resources */ = {isa = PBXBuildFile; fileRef = D940E295283AA2C200392D1C /* tu_ouviu_isso.mp3 */; };
		D940E2B2283AA2C200392D1C /* tu_entendeu_a_pergunta.mp3 in Resources */ = {isa = PBXBuildFile; fileRef = D940E296283AA2C200392D1C /* tu_entendeu_a_pergunta.mp3 */; };
		D940E2B3283AA2C200392D1C /* e_um_merda.mp3 in Resources */ = {isa = PBXBuildFile; fileRef = D940E297283AA2C200392D1C /* e_um_merda.mp3 */; };
		D940E2B4283AA2C200392D1C /* Aham sei.mp3 in Resources */ = {isa = PBXBuildFile; fileRef = D940E298283AA2C200392D1C /* Aham sei.mp3 */; };
		D940E2B5283AA2C200392D1C /* Passada chocada meu Deus jesus.mp3 in Resources */ = {isa = PBXBuildFile; fileRef = D940E299283AA2C200392D1C /* Passada chocada meu Deus jesus.mp3 */; };
		D940E2B6283AA2C200392D1C /* ADY - oh nao mais um crime de responsabilidade.mp3 in Resources */ = {isa = PBXBuildFile; fileRef = D940E29A283AA2C200392D1C /* ADY - oh nao mais um crime de responsabilidade.mp3 */; };
		D940E2B7283AA2C200392D1C /* funk_do_xandao.mp3 in Resources */ = {isa = PBXBuildFile; fileRef = D940E29B283AA2C200392D1C /* funk_do_xandao.mp3 */; };
		D94A4214283DC52800A504BD /* SongHelpView.swift in Sources */ = {isa = PBXBuildFile; fileRef = D94A4213283DC52800A504BD /* SongHelpView.swift */; };
		D94A4260283E85D500A504BD /* Queima quengaral wooo short.mp3 in Resources */ = {isa = PBXBuildFile; fileRef = D94A425A283E85D500A504BD /* Queima quengaral wooo short.mp3 */; };
		D94A4261283E85D500A504BD /* Boulos Porra short.mp3 in Resources */ = {isa = PBXBuildFile; fileRef = D94A425B283E85D500A504BD /* Boulos Porra short.mp3 */; };
		D94A4262283E85D500A504BD /* Boldo - Esse é o boldo bão.mp3 in Resources */ = {isa = PBXBuildFile; fileRef = D94A425C283E85D500A504BD /* Boldo - Esse é o boldo bão.mp3 */; };
		D94A4263283E85D500A504BD /* Ciro Gomes  - Atenção Paulo Guedes.mp3 in Resources */ = {isa = PBXBuildFile; fileRef = D94A425D283E85D500A504BD /* Ciro Gomes  - Atenção Paulo Guedes.mp3 */; };
		D94A4264283E85D500A504BD /* Brizola - Filhotes da ditadura.mp3 in Resources */ = {isa = PBXBuildFile; fileRef = D94A425E283E85D500A504BD /* Brizola - Filhotes da ditadura.mp3 */; };
		D94A4265283E85D500A504BD /* Leo Stronda Porra.mp3 in Resources */ = {isa = PBXBuildFile; fileRef = D94A425F283E85D500A504BD /* Leo Stronda Porra.mp3 */; };
		D94A426C283E87E100A504BD /* Que merda hein short.mp3 in Resources */ = {isa = PBXBuildFile; fileRef = D94A4266283E87E100A504BD /* Que merda hein short.mp3 */; };
		D94A426D283E87E100A504BD /* Ulysses Guimarães - Temos ódio à ditadura, ódio e nojo.mp3 in Resources */ = {isa = PBXBuildFile; fileRef = D94A4267283E87E100A504BD /* Ulysses Guimarães - Temos ódio à ditadura, ódio e nojo.mp3 */; };
		D94A426E283E87E100A504BD /* Mermão na moral short.mp3 in Resources */ = {isa = PBXBuildFile; fileRef = D94A4268283E87E100A504BD /* Mermão na moral short.mp3 */; };
		D94A426F283E87E100A504BD /* Away - Para com essa porra aí mermão short.mp3 in Resources */ = {isa = PBXBuildFile; fileRef = D94A4269283E87E100A504BD /* Away - Para com essa porra aí mermão short.mp3 */; };
		D94A4270283E87E100A504BD /* Costinha - Se fudeu short.mp3 in Resources */ = {isa = PBXBuildFile; fileRef = D94A426A283E87E100A504BD /* Costinha - Se fudeu short.mp3 */; };
		D94A4271283E87E100A504BD /* CIRO GOMES - Paulo Guedes mentiroso tá enganando a rapazeada paulo guedes.mp3 in Resources */ = {isa = PBXBuildFile; fileRef = D94A426B283E87E100A504BD /* CIRO GOMES - Paulo Guedes mentiroso tá enganando a rapazeada paulo guedes.mp3 */; };
		D94A4274283E895F00A504BD /* Choque de Cultura - Renan - É Paradoxo que chama isso aí.mp3 in Resources */ = {isa = PBXBuildFile; fileRef = D94A4272283E895F00A504BD /* Choque de Cultura - Renan - É Paradoxo que chama isso aí.mp3 */; };
		D94A4275283E895F00A504BD /* Saiddy Bamba - Vai chorar é vai chorar é chore na minha.mp3 in Resources */ = {isa = PBXBuildFile; fileRef = D94A4273283E895F00A504BD /* Saiddy Bamba - Vai chorar é vai chorar é chore na minha.mp3 */; };
		D958B1AA28394D400010F133 /* MainView.swift in Sources */ = {isa = PBXBuildFile; fileRef = D958B1A928394D400010F133 /* MainView.swift */; };
		D958B1AC28394DCD0010F133 /* FavoritesView.swift in Sources */ = {isa = PBXBuildFile; fileRef = D958B1AB28394DCD0010F133 /* FavoritesView.swift */; };
		D958B1AE28394E420010F133 /* SongsView.swift in Sources */ = {isa = PBXBuildFile; fileRef = D958B1AD28394E420010F133 /* SongsView.swift */; };
		D958B1B028394EA40010F133 /* TrendsView.swift in Sources */ = {isa = PBXBuildFile; fileRef = D958B1AF28394EA40010F133 /* TrendsView.swift */; };
		D958B1B22839534D0010F133 /* SettingsView.swift in Sources */ = {isa = PBXBuildFile; fileRef = D958B1B12839534D0010F133 /* SettingsView.swift */; };
		D961D01128371EE800EFEDEB /* FixedLocalData.swift in Sources */ = {isa = PBXBuildFile; fileRef = D961D01028371EE800EFEDEB /* FixedLocalData.swift */; };
		D961D01328371F1700EFEDEB /* sound_data.json in Resources */ = {isa = PBXBuildFile; fileRef = D961D01228371F1700EFEDEB /* sound_data.json */; };
		D961D016283722AB00EFEDEB /* Color+CustomColors.swift in Sources */ = {isa = PBXBuildFile; fileRef = D961D015283722AB00EFEDEB /* Color+CustomColors.swift */; };
		D961D01828372B1800EFEDEB /* AudioPlayer.swift in Sources */ = {isa = PBXBuildFile; fileRef = D961D01728372B1800EFEDEB /* AudioPlayer.swift */; };
		D961D025283731AA00EFEDEB /* SoundHelpView.swift in Sources */ = {isa = PBXBuildFile; fileRef = D961D024283731AA00EFEDEB /* SoundHelpView.swift */; };
		D9625E7E28238F9A00080852 /* MedoDelirioBrasiliaApp.swift in Sources */ = {isa = PBXBuildFile; fileRef = D9625E7D28238F9A00080852 /* MedoDelirioBrasiliaApp.swift */; };
		D9625E8028238F9A00080852 /* SoundsView.swift in Sources */ = {isa = PBXBuildFile; fileRef = D9625E7F28238F9A00080852 /* SoundsView.swift */; };
		D9625E8228238F9B00080852 /* Assets.xcassets in Resources */ = {isa = PBXBuildFile; fileRef = D9625E8128238F9B00080852 /* Assets.xcassets */; };
		D9625E8528238F9B00080852 /* Preview Assets.xcassets in Resources */ = {isa = PBXBuildFile; fileRef = D9625E8428238F9B00080852 /* Preview Assets.xcassets */; };
		D9625E8F28238F9B00080852 /* LocalDatabaseTests.swift in Sources */ = {isa = PBXBuildFile; fileRef = D9625E8E28238F9B00080852 /* LocalDatabaseTests.swift */; };
		D980455C28380EFE003B2E83 /* Localizable.strings in Resources */ = {isa = PBXBuildFile; fileRef = D980455E28380EFE003B2E83 /* Localizable.strings */; };
		D980456228380F66003B2E83 /* LocalizableStrings.swift in Sources */ = {isa = PBXBuildFile; fileRef = D980456128380F66003B2E83 /* LocalizableStrings.swift */; };
		D988C523283C33E100D64404 /* UserSettings.swift in Sources */ = {isa = PBXBuildFile; fileRef = D988C522283C33E100D64404 /* UserSettings.swift */; };
		D98EC5DE282596C300340BE5 /* SoundCell.swift in Sources */ = {isa = PBXBuildFile; fileRef = D98EC5DD282596C300340BE5 /* SoundCell.swift */; };
		D98EC5E12825A05900340BE5 /* Sound.swift in Sources */ = {isa = PBXBuildFile; fileRef = D98EC5E02825A05900340BE5 /* Sound.swift */; };
		D98EC5E32825A45000340BE5 /* SoundsViewViewModel.swift in Sources */ = {isa = PBXBuildFile; fileRef = D98EC5E22825A45000340BE5 /* SoundsViewViewModel.swift */; };
		D9B4F73F283C8F4D0000EEF7 /* Unidos do Medo e Delírio.mp3 in Resources */ = {isa = PBXBuildFile; fileRef = D9B4F73D283C8F4D0000EEF7 /* Unidos do Medo e Delírio.mp3 */; };
		D9B4F740283C8F4D0000EEF7 /* O roque ativa.mp3 in Resources */ = {isa = PBXBuildFile; fileRef = D9B4F73E283C8F4D0000EEF7 /* O roque ativa.mp3 */; };
		D9B4F743283C92DC0000EEF7 /* Trote Luiz Pareto - TELERJ meme mas que filho da puta olhaí veja você.mp3 in Resources */ = {isa = PBXBuildFile; fileRef = D9B4F741283C92DC0000EEF7 /* Trote Luiz Pareto - TELERJ meme mas que filho da puta olhaí veja você.mp3 */; };
		D9B4F744283C92DC0000EEF7 /* Fred - Cê tá falando sério.mp3 in Resources */ = {isa = PBXBuildFile; fileRef = D9B4F742283C92DC0000EEF7 /* Fred - Cê tá falando sério.mp3 */; };
		D9B4F746283C939E0000EEF7 /* Olavo de Carvalho - Porra.mp3 in Resources */ = {isa = PBXBuildFile; fileRef = D9B4F745283C939E0000EEF7 /* Olavo de Carvalho - Porra.mp3 */; };
		D9B4F748283C94600000EEF7 /* Cerginho da Perera Nunes - Com certeza.mp3 in Resources */ = {isa = PBXBuildFile; fileRef = D9B4F747283C94600000EEF7 /* Cerginho da Perera Nunes - Com certeza.mp3 */; };
		D9C03441283AAF6100DB96E6 /* JORNAL DA RECORD - Não é coisa de deus não.mp3 in Resources */ = {isa = PBXBuildFile; fileRef = D9C0343F283AAF6100DB96E6 /* JORNAL DA RECORD - Não é coisa de deus não.mp3 */; };
		D9C03442283AAF6100DB96E6 /* Tim Maia - Me Dê Motivo.mp3 in Resources */ = {isa = PBXBuildFile; fileRef = D9C03440283AAF6100DB96E6 /* Tim Maia - Me Dê Motivo.mp3 */; };
		D9E11727283EDA3D0043E2F2 /* Hassum - PUTA QUE PARIU.mp3 in Resources */ = {isa = PBXBuildFile; fileRef = D9E11725283EDA3D0043E2F2 /* Hassum - PUTA QUE PARIU.mp3 */; };
		D9E11728283EDA3D0043E2F2 /* Trote Pareto - Calma filha da puta calma.mp3 in Resources */ = {isa = PBXBuildFile; fileRef = D9E11726283EDA3D0043E2F2 /* Trote Pareto - Calma filha da puta calma.mp3 */; };
		D9E11738283EDE5C0043E2F2 /* Boldo - Puta que pariu marquinho.mp3 in Resources */ = {isa = PBXBuildFile; fileRef = D9E11729283EDE5C0043E2F2 /* Boldo - Puta que pariu marquinho.mp3 */; };
		D9E11739283EDE5C0043E2F2 /* Tu tava fora do brasil irmão short.mp3 in Resources */ = {isa = PBXBuildFile; fileRef = D9E1172A283EDE5C0043E2F2 /* Tu tava fora do brasil irmão short.mp3 */; };
		D9E1173A283EDE5C0043E2F2 /* Choque de Cultura - Rogerinho - Aqui tem informação.mp3 in Resources */ = {isa = PBXBuildFile; fileRef = D9E1172B283EDE5C0043E2F2 /* Choque de Cultura - Rogerinho - Aqui tem informação.mp3 */; };
		D9E1173B283EDE5C0043E2F2 /* Choque de Cultura - Falo com tranquilidade.mp3 in Resources */ = {isa = PBXBuildFile; fileRef = D9E1172C283EDE5C0043E2F2 /* Choque de Cultura - Falo com tranquilidade.mp3 */; };
		D9E1173C283EDE5C0043E2F2 /* Boldo - Muito bom, muito bom.mp3 in Resources */ = {isa = PBXBuildFile; fileRef = D9E1172D283EDE5C0043E2F2 /* Boldo - Muito bom, muito bom.mp3 */; };
		D9E1173D283EDE5C0043E2F2 /* Choque de cultura - Rogerinho - Não vamos falar de pornô aqui não.mp3 in Resources */ = {isa = PBXBuildFile; fileRef = D9E1172E283EDE5C0043E2F2 /* Choque de cultura - Rogerinho - Não vamos falar de pornô aqui não.mp3 */; };
		D9E1173E283EDE5C0043E2F2 /* Boldo - Parece até que um helicóptero pousou em cima da tua cara.mp3 in Resources */ = {isa = PBXBuildFile; fileRef = D9E1172F283EDE5C0043E2F2 /* Boldo - Parece até que um helicóptero pousou em cima da tua cara.mp3 */; };
		D9E1173F283EDE5C0043E2F2 /* Choque de Cultura - Rogerinho - Ó a informação aí.mp3 in Resources */ = {isa = PBXBuildFile; fileRef = D9E11730283EDE5C0043E2F2 /* Choque de Cultura - Rogerinho - Ó a informação aí.mp3 */; };
		D9E11740283EDE5C0043E2F2 /* CHOQUE DE CULTURA - Rogerinho Às vezes o ódio é a única emoção possível short.mp3 in Resources */ = {isa = PBXBuildFile; fileRef = D9E11731283EDE5C0043E2F2 /* CHOQUE DE CULTURA - Rogerinho Às vezes o ódio é a única emoção possível short.mp3 */; };
		D9E11741283EDE5C0043E2F2 /* Boldo - Carrralho caralho.mp3 in Resources */ = {isa = PBXBuildFile; fileRef = D9E11732283EDE5C0043E2F2 /* Boldo - Carrralho caralho.mp3 */; };
		D9E11742283EDE5C0043E2F2 /* Futurama - Então tudo bem short.mp3 in Resources */ = {isa = PBXBuildFile; fileRef = D9E11733283EDE5C0043E2F2 /* Futurama - Então tudo bem short.mp3 */; };
		D9E11743283EDE5C0043E2F2 /* Caetano - Que loucura, que coisa absurda short.mp3 in Resources */ = {isa = PBXBuildFile; fileRef = D9E11734283EDE5C0043E2F2 /* Caetano - Que loucura, que coisa absurda short.mp3 */; };
		D9E11744283EDE5C0043E2F2 /* General Mourão Bom Dia short.mp3 in Resources */ = {isa = PBXBuildFile; fileRef = D9E11735283EDE5C0043E2F2 /* General Mourão Bom Dia short.mp3 */; };
		D9E11745283EDE5C0043E2F2 /* Boldo - Que boldo bão.mp3 in Resources */ = {isa = PBXBuildFile; fileRef = D9E11736283EDE5C0043E2F2 /* Boldo - Que boldo bão.mp3 */; };
		D9E11746283EDE5C0043E2F2 /* Caetano - Não short.mp3 in Resources */ = {isa = PBXBuildFile; fileRef = D9E11737283EDE5C0043E2F2 /* Caetano - Não short.mp3 */; };
		D9E1174C283EE12A0043E2F2 /* BENDER Ahh, agora eu entendi short.mp3 in Resources */ = {isa = PBXBuildFile; fileRef = D9E11749283EE12A0043E2F2 /* BENDER Ahh, agora eu entendi short.mp3 */; };
		D9E1174D283EE12A0043E2F2 /* Choque de Cultura - Renan - Vamos fazer essa critica ai.mp3 in Resources */ = {isa = PBXBuildFile; fileRef = D9E1174A283EE12A0043E2F2 /* Choque de Cultura - Renan - Vamos fazer essa critica ai.mp3 */; };
		D9E1174E283EE12A0043E2F2 /* Choque de Cultura - Cabo cabo cabo ja ta desvirtuando ja short.mp3 in Resources */ = {isa = PBXBuildFile; fileRef = D9E1174B283EE12A0043E2F2 /* Choque de Cultura - Cabo cabo cabo ja ta desvirtuando ja short.mp3 */; };
		D9E1175D283EE4F40043E2F2 /* Ciro Gomes - Conspirador filho da puta.mp3 in Resources */ = {isa = PBXBuildFile; fileRef = D9E1174F283EE4F30043E2F2 /* Ciro Gomes - Conspirador filho da puta.mp3 */; };
		D9E1175E283EE4F40043E2F2 /* Silas Malafaia - Mentiroso sem vergonha vai pro inferno short.mp3 in Resources */ = {isa = PBXBuildFile; fileRef = D9E11750283EE4F30043E2F2 /* Silas Malafaia - Mentiroso sem vergonha vai pro inferno short.mp3 */; };
		D9E1175F283EE4F40043E2F2 /* Michel Temer - Pigarro.mp3 in Resources */ = {isa = PBXBuildFile; fileRef = D9E11751283EE4F30043E2F2 /* Michel Temer - Pigarro.mp3 */; };
		D9E11761283EE4F40043E2F2 /* Gustavo mendes dilma todo mundo se fudeu.mp3 in Resources */ = {isa = PBXBuildFile; fileRef = D9E11753283EE4F30043E2F2 /* Gustavo mendes dilma todo mundo se fudeu.mp3 */; };
		D9E11762283EE4F40043E2F2 /* Michel Temer - Tem que pedir uma pastilha.mp3 in Resources */ = {isa = PBXBuildFile; fileRef = D9E11754283EE4F30043E2F2 /* Michel Temer - Tem que pedir uma pastilha.mp3 */; };
		D9E11763283EE4F40043E2F2 /* Temer - Não renunciarei short.mp3 in Resources */ = {isa = PBXBuildFile; fileRef = D9E11755283EE4F40043E2F2 /* Temer - Não renunciarei short.mp3 */; };
		D9E11764283EE4F40043E2F2 /* Silas Malafaia - Eu tenho pena short.mp3 in Resources */ = {isa = PBXBuildFile; fileRef = D9E11756283EE4F40043E2F2 /* Silas Malafaia - Eu tenho pena short.mp3 */; };
		D9E11765283EE4F40043E2F2 /* Mourão - Essa conta irá para as Forças Armadas trecho short.mp3 in Resources */ = {isa = PBXBuildFile; fileRef = D9E11757283EE4F40043E2F2 /* Mourão - Essa conta irá para as Forças Armadas trecho short.mp3 */; };
		D9E11766283EE4F40043E2F2 /* Ciro Gomes - Veja bem, se eu estiver errado me corrija.mp3 in Resources */ = {isa = PBXBuildFile; fileRef = D9E11758283EE4F40043E2F2 /* Ciro Gomes - Veja bem, se eu estiver errado me corrija.mp3 */; };
		D9E11767283EE4F40043E2F2 /* Opaio - Tomar no cu rapaz.mp3 in Resources */ = {isa = PBXBuildFile; fileRef = D9E11759283EE4F40043E2F2 /* Opaio - Tomar no cu rapaz.mp3 */; };
		D9E11768283EE4F40043E2F2 /* Xaropinho - Rapaz short.mp3 in Resources */ = {isa = PBXBuildFile; fileRef = D9E1175A283EE4F40043E2F2 /* Xaropinho - Rapaz short.mp3 */; };
		D9E11769283EE4F40043E2F2 /* Ciro Gomes - Que isso, francamente.mp3 in Resources */ = {isa = PBXBuildFile; fileRef = D9E1175B283EE4F40043E2F2 /* Ciro Gomes - Que isso, francamente.mp3 */; };
		D9E1176A283EE4F40043E2F2 /* Reinaldo Azevedo - E mentira.mp3 in Resources */ = {isa = PBXBuildFile; fileRef = D9E1175C283EE4F40043E2F2 /* Reinaldo Azevedo - E mentira.mp3 */; };
		D9E69592283D2E2C00C341B2 /* SQLite in Frameworks */ = {isa = PBXBuildFile; productRef = D9E69591283D2E2C00C341B2 /* SQLite */; };
		D9E69594283D2F2F00C341B2 /* Favorite.swift in Sources */ = {isa = PBXBuildFile; fileRef = D9E69593283D2F2F00C341B2 /* Favorite.swift */; };
		D9E69597283D551500C341B2 /* LocalDatabase.swift in Sources */ = {isa = PBXBuildFile; fileRef = D9E69596283D551500C341B2 /* LocalDatabase.swift */; };
/* End PBXBuildFile section */

/* Begin PBXContainerItemProxy section */
		D9625E8B28238F9B00080852 /* PBXContainerItemProxy */ = {
			isa = PBXContainerItemProxy;
			containerPortal = D9625E7228238F9A00080852 /* Project object */;
			proxyType = 1;
			remoteGlobalIDString = D9625E7928238F9A00080852;
			remoteInfo = MedoDelirioBrasilia;
		};
/* End PBXContainerItemProxy section */

/* Begin PBXFileReference section */
		D92879E3283EEE1D00369CE5 /* Bolsonaro - Buscamos uma solucao, quem tiver tras pra mim tras pra mim.mp3 */ = {isa = PBXFileReference; lastKnownFileType = audio.mp3; path = "Bolsonaro - Buscamos uma solucao, quem tiver tras pra mim tras pra mim.mp3"; sourceTree = "<group>"; };
		D92879E5283EF00600369CE5 /* Nao era fake news era jornalismo.mp3 */ = {isa = PBXFileReference; lastKnownFileType = audio.mp3; path = "Nao era fake news era jornalismo.mp3"; sourceTree = "<group>"; };
		D92879E6283EF00600369CE5 /* Pena que nao pode ver um impeachment.mp3 */ = {isa = PBXFileReference; lastKnownFileType = audio.mp3; path = "Pena que nao pode ver um impeachment.mp3"; sourceTree = "<group>"; };
		D92879E9283EF35700369CE5 /* Silas Malafaia - Não seja um mentiroso short.mp3 */ = {isa = PBXFileReference; lastKnownFileType = audio.mp3; path = "Silas Malafaia - Não seja um mentiroso short.mp3"; sourceTree = "<group>"; };
		D92879EA283EF35700369CE5 /* Fernando Collor - Tres vezes dizendo que e mentira.mp3 */ = {isa = PBXFileReference; lastKnownFileType = audio.mp3; path = "Fernando Collor - Tres vezes dizendo que e mentira.mp3"; sourceTree = "<group>"; };
		D92879EB283EF35700369CE5 /* Bonitinha mas ordinaria - E mentira dele meme short.mp3 */ = {isa = PBXFileReference; lastKnownFileType = audio.mp3; path = "Bonitinha mas ordinaria - E mentira dele meme short.mp3"; sourceTree = "<group>"; };
		D92879EC283EF35700369CE5 /* Mourão - Você é muito mais físico do que intelectual short.mp3 */ = {isa = PBXFileReference; lastKnownFileType = audio.mp3; path = "Mourão - Você é muito mais físico do que intelectual short.mp3"; sourceTree = "<group>"; };
		D92879ED283EF35800369CE5 /* Bonitinha mas ordinaria - Mentira.mp3 */ = {isa = PBXFileReference; lastKnownFileType = audio.mp3; path = "Bonitinha mas ordinaria - Mentira.mp3"; sourceTree = "<group>"; };
		D92879EE283EF35800369CE5 /* Quercia - E mentira, e tudo mentira.mp3 */ = {isa = PBXFileReference; lastKnownFileType = audio.mp3; path = "Quercia - E mentira, e tudo mentira.mp3"; sourceTree = "<group>"; };
		D92879EF283EF35800369CE5 /* Fernando Collor - Isso e uma mentira uma pantomima uma patuscada short.mp3 */ = {isa = PBXFileReference; lastKnownFileType = audio.mp3; path = "Fernando Collor - Isso e uma mentira uma pantomima uma patuscada short.mp3"; sourceTree = "<group>"; };
		D92879F0283EF35800369CE5 /* Quercia - Mentiroso e caluniador, caluniador e mentiroso.mp3 */ = {isa = PBXFileReference; lastKnownFileType = audio.mp3; path = "Quercia - Mentiroso e caluniador, caluniador e mentiroso.mp3"; sourceTree = "<group>"; };
		D92879F9283EF57000369CE5 /* Hassum - Nem fodendo.mp3 */ = {isa = PBXFileReference; lastKnownFileType = audio.mp3; path = "Hassum - Nem fodendo.mp3"; sourceTree = "<group>"; };
		D92879FA283EF57000369CE5 /* Neto - Cês tão de brincadeira.mp3 */ = {isa = PBXFileReference; lastKnownFileType = audio.mp3; path = "Neto - Cês tão de brincadeira.mp3"; sourceTree = "<group>"; };
		D92879FB283EF57000369CE5 /* MIDCAST - Teu cu.mp3 */ = {isa = PBXFileReference; lastKnownFileType = audio.mp3; path = "MIDCAST - Teu cu.mp3"; sourceTree = "<group>"; };
		D92879FC283EF57000369CE5 /* Craque Neto - E cuidado com a cueca hein, cuidado com a cueca.mp3 */ = {isa = PBXFileReference; lastKnownFileType = audio.mp3; path = "Craque Neto - E cuidado com a cueca hein, cuidado com a cueca.mp3"; sourceTree = "<group>"; };
		D9287A01283EF57D00369CE5 /* Que porra e essa batata.mp3 */ = {isa = PBXFileReference; lastKnownFileType = audio.mp3; path = "Que porra e essa batata.mp3"; sourceTree = "<group>"; };
		D9287A03283EF59F00369CE5 /* Neto - Vocês estão de sacanagem short.mp3 */ = {isa = PBXFileReference; lastKnownFileType = audio.mp3; path = "Neto - Vocês estão de sacanagem short.mp3"; sourceTree = "<group>"; };
		D9287A07283EF62E00369CE5 /* Abraham Weintraub - odeio odeio odeio short.mp3 */ = {isa = PBXFileReference; lastKnownFileType = audio.mp3; path = "Abraham Weintraub - odeio odeio odeio short.mp3"; sourceTree = "<group>"; };
		D9287A09283EF6C300369CE5 /* Boldo - Deixa com a cara magoada.mp3 */ = {isa = PBXFileReference; lastKnownFileType = audio.mp3; path = "Boldo - Deixa com a cara magoada.mp3"; sourceTree = "<group>"; };
		D9287A0B283EF77F00369CE5 /* Sabe que voce e muito petulante.mp3 */ = {isa = PBXFileReference; lastKnownFileType = audio.mp3; path = "Sabe que voce e muito petulante.mp3"; sourceTree = "<group>"; };
		D9287A0C283EF77F00369CE5 /* Silas Malafaia - Nunca vi tu e burro cara.mp3 */ = {isa = PBXFileReference; lastKnownFileType = audio.mp3; path = "Silas Malafaia - Nunca vi tu e burro cara.mp3"; sourceTree = "<group>"; };
		D92E7066283C51D20035826C /* Song.swift */ = {isa = PBXFileReference; lastKnownFileType = sourcecode.swift; path = Song.swift; sourceTree = "<group>"; };
		D92E706B283C5C2C0035826C /* Eu volto pro ostracismo.mp3 */ = {isa = PBXFileReference; lastKnownFileType = audio.mp3; path = "Eu volto pro ostracismo.mp3"; sourceTree = "<group>"; };
		D92E706F283C5CF40035826C /* song_data.json */ = {isa = PBXFileReference; fileEncoding = 4; lastKnownFileType = text.json; path = song_data.json; sourceTree = "<group>"; };
		D92E7071283C5D990035826C /* SongsViewViewModel.swift */ = {isa = PBXFileReference; lastKnownFileType = sourcecode.swift; path = SongsViewViewModel.swift; sourceTree = "<group>"; };
		D92E7074283C5F620035826C /* SongCell.swift */ = {isa = PBXFileReference; lastKnownFileType = sourcecode.swift; path = SongCell.swift; sourceTree = "<group>"; };
		D9344322283812AD00ADCD38 /* Author.swift */ = {isa = PBXFileReference; lastKnownFileType = sourcecode.swift; path = Author.swift; sourceTree = "<group>"; };
		D93443242838177000ADCD38 /* UserInfo.swift */ = {isa = PBXFileReference; lastKnownFileType = sourcecode.swift; path = UserInfo.swift; sourceTree = "<group>"; };
		D934432628381DEF00ADCD38 /* author_data.json */ = {isa = PBXFileReference; fileEncoding = 4; lastKnownFileType = text.json; path = author_data.json; sourceTree = "<group>"; };
		D93443282838230500ADCD38 /* String+Extensions.swift */ = {isa = PBXFileReference; lastKnownFileType = sourcecode.swift; path = "String+Extensions.swift"; sourceTree = "<group>"; };
		D940E27E283AA29600392D1C /* Feiticeira - Não é feitiçaria, é tecnologia meme short.mp3 */ = {isa = PBXFileReference; lastKnownFileType = audio.mp3; path = "Feiticeira - Não é feitiçaria, é tecnologia meme short.mp3"; sourceTree = "<group>"; };
		D940E280283AA2C200392D1C /* esse_braga_neto_que_eh_um_bosta.mp3 */ = {isa = PBXFileReference; lastKnownFileType = audio.mp3; path = esse_braga_neto_que_eh_um_bosta.mp3; sourceTree = "<group>"; };
		D940E281283AA2C200392D1C /* O CARA DA LUVA DE PEDREIRO - receba carai caralho.mp3 */ = {isa = PBXFileReference; lastKnownFileType = audio.mp3; path = "O CARA DA LUVA DE PEDREIRO - receba carai caralho.mp3"; sourceTree = "<group>"; };
		D940E282283AA2C200392D1C /* um_bosta_ciro.mp3 */ = {isa = PBXFileReference; lastKnownFileType = audio.mp3; path = um_bosta_ciro.mp3; sourceTree = "<group>"; };
		D940E283283AA2C200392D1C /* EMICIDA_no_loolapalooza_Tira_o_título_e_bolsonaro_vai_tomar_no_cu.mp3 */ = {isa = PBXFileReference; lastKnownFileType = audio.mp3; path = "EMICIDA_no_loolapalooza_Tira_o_título_e_bolsonaro_vai_tomar_no_cu.mp3"; sourceTree = "<group>"; };
		D940E284283AA2C200392D1C /* PORTA_DOS_FUNDOS_BALBÚRDIA_Bom_dia,_turma,_todo_mundo_tirando_a.mp3 */ = {isa = PBXFileReference; lastKnownFileType = audio.mp3; path = "PORTA_DOS_FUNDOS_BALBÚRDIA_Bom_dia,_turma,_todo_mundo_tirando_a.mp3"; sourceTree = "<group>"; };
		D940E285283AA2C200392D1C /* calma_calma_calma.mp3 */ = {isa = PBXFileReference; lastKnownFileType = audio.mp3; path = calma_calma_calma.mp3; sourceTree = "<group>"; };
		D940E286283AA2C200392D1C /* LUVA DE PEDREIRO - E, caralho carai, RECEBA.mp3 */ = {isa = PBXFileReference; lastKnownFileType = audio.mp3; path = "LUVA DE PEDREIRO - E, caralho carai, RECEBA.mp3"; sourceTree = "<group>"; };
		D940E287283AA2C200392D1C /* Away - nao fode mermao.mp3 */ = {isa = PBXFileReference; lastKnownFileType = audio.mp3; path = "Away - nao fode mermao.mp3"; sourceTree = "<group>"; };
		D940E288283AA2C200392D1C /* tv_senado_soraya_thronicke_a_gente_vai_cansando_sabe.mp3 */ = {isa = PBXFileReference; lastKnownFileType = audio.mp3; path = tv_senado_soraya_thronicke_a_gente_vai_cansando_sabe.mp3; sourceTree = "<group>"; };
		D940E289283AA2C200392D1C /* MULTISHOW_Titi_Muller_Ta_bombando_mais_do_que_o_povo_pedindo_Anitta.mp3 */ = {isa = PBXFileReference; lastKnownFileType = audio.mp3; path = MULTISHOW_Titi_Muller_Ta_bombando_mais_do_que_o_povo_pedindo_Anitta.mp3; sourceTree = "<group>"; };
		D940E28A283AA2C200392D1C /* Deltan Dallangnol - Os meus advogados estão estarrecidos.mp3 */ = {isa = PBXFileReference; lastKnownFileType = audio.mp3; path = "Deltan Dallangnol - Os meus advogados estão estarrecidos.mp3"; sourceTree = "<group>"; };
		D940E28B283AA2C200392D1C /* esse_neto_bosta.mp3 */ = {isa = PBXFileReference; lastKnownFileType = audio.mp3; path = esse_neto_bosta.mp3; sourceTree = "<group>"; };
		D940E28C283AA2C200392D1C /* MULTISHOW - Lulu Santos - Censura nunca mais.mp3 */ = {isa = PBXFileReference; lastKnownFileType = audio.mp3; path = "MULTISHOW - Lulu Santos - Censura nunca mais.mp3"; sourceTree = "<group>"; };
		D940E28D283AA2C200392D1C /* Alborgeti - Que Merda Hein.mp3 */ = {isa = PBXFileReference; lastKnownFileType = audio.mp3; path = "Alborgeti - Que Merda Hein.mp3"; sourceTree = "<group>"; };
		D940E28E283AA2C200392D1C /* deu_errado.mp3 */ = {isa = PBXFileReference; lastKnownFileType = audio.mp3; path = deu_errado.mp3; sourceTree = "<group>"; };
		D940E28F283AA2C200392D1C /* ta_bom_xandao_ta_bom.mp3 */ = {isa = PBXFileReference; lastKnownFileType = audio.mp3; path = ta_bom_xandao_ta_bom.mp3; sourceTree = "<group>"; };
		D940E290283AA2C200392D1C /* PODER36_Paulo_Guedes_Tem_mais_iPhones_no_Brasil_que_população_Brasileiros.mp3 */ = {isa = PBXFileReference; lastKnownFileType = audio.mp3; path = "PODER36_Paulo_Guedes_Tem_mais_iPhones_no_Brasil_que_população_Brasileiros.mp3"; sourceTree = "<group>"; };
		D940E291283AA2C200392D1C /* MULTISHOW_Gloria_Groove_Quer_dizer_que_eles_querem_calar_a_gente.mp3 */ = {isa = PBXFileReference; lastKnownFileType = audio.mp3; path = MULTISHOW_Gloria_Groove_Quer_dizer_que_eles_querem_calar_a_gente.mp3; sourceTree = "<group>"; };
		D940E292283AA2C200392D1C /* o_cachorro_do_supremo.mp3 */ = {isa = PBXFileReference; lastKnownFileType = audio.mp3; path = o_cachorro_do_supremo.mp3; sourceTree = "<group>"; };
		D940E293283AA2C200392D1C /* O CARA DA LUVA DE PEDREIRO - Receba.mp3 */ = {isa = PBXFileReference; lastKnownFileType = audio.mp3; path = "O CARA DA LUVA DE PEDREIRO - Receba.mp3"; sourceTree = "<group>"; };
		D940E295283AA2C200392D1C /* tu_ouviu_isso.mp3 */ = {isa = PBXFileReference; lastKnownFileType = audio.mp3; path = tu_ouviu_isso.mp3; sourceTree = "<group>"; };
		D940E296283AA2C200392D1C /* tu_entendeu_a_pergunta.mp3 */ = {isa = PBXFileReference; lastKnownFileType = audio.mp3; path = tu_entendeu_a_pergunta.mp3; sourceTree = "<group>"; };
		D940E297283AA2C200392D1C /* e_um_merda.mp3 */ = {isa = PBXFileReference; lastKnownFileType = audio.mp3; path = e_um_merda.mp3; sourceTree = "<group>"; };
		D940E298283AA2C200392D1C /* Aham sei.mp3 */ = {isa = PBXFileReference; lastKnownFileType = audio.mp3; path = "Aham sei.mp3"; sourceTree = "<group>"; };
		D940E299283AA2C200392D1C /* Passada chocada meu Deus jesus.mp3 */ = {isa = PBXFileReference; lastKnownFileType = audio.mp3; path = "Passada chocada meu Deus jesus.mp3"; sourceTree = "<group>"; };
		D940E29A283AA2C200392D1C /* ADY - oh nao mais um crime de responsabilidade.mp3 */ = {isa = PBXFileReference; lastKnownFileType = audio.mp3; path = "ADY - oh nao mais um crime de responsabilidade.mp3"; sourceTree = "<group>"; };
		D940E29B283AA2C200392D1C /* funk_do_xandao.mp3 */ = {isa = PBXFileReference; lastKnownFileType = audio.mp3; path = funk_do_xandao.mp3; sourceTree = "<group>"; };
		D94A4213283DC52800A504BD /* SongHelpView.swift */ = {isa = PBXFileReference; lastKnownFileType = sourcecode.swift; path = SongHelpView.swift; sourceTree = "<group>"; };
		D94A425A283E85D500A504BD /* Queima quengaral wooo short.mp3 */ = {isa = PBXFileReference; lastKnownFileType = audio.mp3; path = "Queima quengaral wooo short.mp3"; sourceTree = "<group>"; };
		D94A425B283E85D500A504BD /* Boulos Porra short.mp3 */ = {isa = PBXFileReference; lastKnownFileType = audio.mp3; path = "Boulos Porra short.mp3"; sourceTree = "<group>"; };
		D94A425C283E85D500A504BD /* Boldo - Esse é o boldo bão.mp3 */ = {isa = PBXFileReference; lastKnownFileType = audio.mp3; path = "Boldo - Esse é o boldo bão.mp3"; sourceTree = "<group>"; };
		D94A425D283E85D500A504BD /* Ciro Gomes  - Atenção Paulo Guedes.mp3 */ = {isa = PBXFileReference; lastKnownFileType = audio.mp3; path = "Ciro Gomes  - Atenção Paulo Guedes.mp3"; sourceTree = "<group>"; };
		D94A425E283E85D500A504BD /* Brizola - Filhotes da ditadura.mp3 */ = {isa = PBXFileReference; lastKnownFileType = audio.mp3; path = "Brizola - Filhotes da ditadura.mp3"; sourceTree = "<group>"; };
		D94A425F283E85D500A504BD /* Leo Stronda Porra.mp3 */ = {isa = PBXFileReference; lastKnownFileType = audio.mp3; path = "Leo Stronda Porra.mp3"; sourceTree = "<group>"; };
		D94A4266283E87E100A504BD /* Que merda hein short.mp3 */ = {isa = PBXFileReference; lastKnownFileType = audio.mp3; path = "Que merda hein short.mp3"; sourceTree = "<group>"; };
		D94A4267283E87E100A504BD /* Ulysses Guimarães - Temos ódio à ditadura, ódio e nojo.mp3 */ = {isa = PBXFileReference; lastKnownFileType = audio.mp3; path = "Ulysses Guimarães - Temos ódio à ditadura, ódio e nojo.mp3"; sourceTree = "<group>"; };
		D94A4268283E87E100A504BD /* Mermão na moral short.mp3 */ = {isa = PBXFileReference; lastKnownFileType = audio.mp3; path = "Mermão na moral short.mp3"; sourceTree = "<group>"; };
		D94A4269283E87E100A504BD /* Away - Para com essa porra aí mermão short.mp3 */ = {isa = PBXFileReference; lastKnownFileType = audio.mp3; path = "Away - Para com essa porra aí mermão short.mp3"; sourceTree = "<group>"; };
		D94A426A283E87E100A504BD /* Costinha - Se fudeu short.mp3 */ = {isa = PBXFileReference; lastKnownFileType = audio.mp3; path = "Costinha - Se fudeu short.mp3"; sourceTree = "<group>"; };
		D94A426B283E87E100A504BD /* CIRO GOMES - Paulo Guedes mentiroso tá enganando a rapazeada paulo guedes.mp3 */ = {isa = PBXFileReference; lastKnownFileType = audio.mp3; path = "CIRO GOMES - Paulo Guedes mentiroso tá enganando a rapazeada paulo guedes.mp3"; sourceTree = "<group>"; };
		D94A4272283E895F00A504BD /* Choque de Cultura - Renan - É Paradoxo que chama isso aí.mp3 */ = {isa = PBXFileReference; lastKnownFileType = audio.mp3; path = "Choque de Cultura - Renan - É Paradoxo que chama isso aí.mp3"; sourceTree = "<group>"; };
		D94A4273283E895F00A504BD /* Saiddy Bamba - Vai chorar é vai chorar é chore na minha.mp3 */ = {isa = PBXFileReference; lastKnownFileType = audio.mp3; path = "Saiddy Bamba - Vai chorar é vai chorar é chore na minha.mp3"; sourceTree = "<group>"; };
		D958B1A928394D400010F133 /* MainView.swift */ = {isa = PBXFileReference; lastKnownFileType = sourcecode.swift; path = MainView.swift; sourceTree = "<group>"; };
		D958B1AB28394DCD0010F133 /* FavoritesView.swift */ = {isa = PBXFileReference; lastKnownFileType = sourcecode.swift; path = FavoritesView.swift; sourceTree = "<group>"; };
		D958B1AD28394E420010F133 /* SongsView.swift */ = {isa = PBXFileReference; lastKnownFileType = sourcecode.swift; path = SongsView.swift; sourceTree = "<group>"; };
		D958B1AF28394EA40010F133 /* TrendsView.swift */ = {isa = PBXFileReference; lastKnownFileType = sourcecode.swift; path = TrendsView.swift; sourceTree = "<group>"; };
		D958B1B12839534D0010F133 /* SettingsView.swift */ = {isa = PBXFileReference; lastKnownFileType = sourcecode.swift; path = SettingsView.swift; sourceTree = "<group>"; };
		D961D01028371EE800EFEDEB /* FixedLocalData.swift */ = {isa = PBXFileReference; lastKnownFileType = sourcecode.swift; path = FixedLocalData.swift; sourceTree = "<group>"; };
		D961D01228371F1700EFEDEB /* sound_data.json */ = {isa = PBXFileReference; fileEncoding = 4; lastKnownFileType = text.json; path = sound_data.json; sourceTree = "<group>"; };
		D961D015283722AB00EFEDEB /* Color+CustomColors.swift */ = {isa = PBXFileReference; lastKnownFileType = sourcecode.swift; path = "Color+CustomColors.swift"; sourceTree = "<group>"; };
		D961D01728372B1800EFEDEB /* AudioPlayer.swift */ = {isa = PBXFileReference; lastKnownFileType = sourcecode.swift; path = AudioPlayer.swift; sourceTree = "<group>"; };
		D961D024283731AA00EFEDEB /* SoundHelpView.swift */ = {isa = PBXFileReference; lastKnownFileType = sourcecode.swift; path = SoundHelpView.swift; sourceTree = "<group>"; };
		D9625E7A28238F9A00080852 /* Medo e Delírio.app */ = {isa = PBXFileReference; explicitFileType = wrapper.application; includeInIndex = 0; path = "Medo e Delírio.app"; sourceTree = BUILT_PRODUCTS_DIR; };
		D9625E7D28238F9A00080852 /* MedoDelirioBrasiliaApp.swift */ = {isa = PBXFileReference; lastKnownFileType = sourcecode.swift; path = MedoDelirioBrasiliaApp.swift; sourceTree = "<group>"; };
		D9625E7F28238F9A00080852 /* SoundsView.swift */ = {isa = PBXFileReference; lastKnownFileType = sourcecode.swift; path = SoundsView.swift; sourceTree = "<group>"; };
		D9625E8128238F9B00080852 /* Assets.xcassets */ = {isa = PBXFileReference; lastKnownFileType = folder.assetcatalog; path = Assets.xcassets; sourceTree = "<group>"; };
		D9625E8428238F9B00080852 /* Preview Assets.xcassets */ = {isa = PBXFileReference; lastKnownFileType = folder.assetcatalog; path = "Preview Assets.xcassets"; sourceTree = "<group>"; };
		D9625E8A28238F9B00080852 /* MedoDelirioBrasiliaTests.xctest */ = {isa = PBXFileReference; explicitFileType = wrapper.cfbundle; includeInIndex = 0; path = MedoDelirioBrasiliaTests.xctest; sourceTree = BUILT_PRODUCTS_DIR; };
		D9625E8E28238F9B00080852 /* LocalDatabaseTests.swift */ = {isa = PBXFileReference; lastKnownFileType = sourcecode.swift; path = LocalDatabaseTests.swift; sourceTree = "<group>"; };
		D980455D28380EFE003B2E83 /* en */ = {isa = PBXFileReference; lastKnownFileType = text.plist.strings; name = en; path = en.lproj/Localizable.strings; sourceTree = "<group>"; };
		D980455F28380F05003B2E83 /* pt-BR */ = {isa = PBXFileReference; lastKnownFileType = text.plist.strings; name = "pt-BR"; path = "pt-BR.lproj/Localizable.strings"; sourceTree = "<group>"; };
		D980456128380F66003B2E83 /* LocalizableStrings.swift */ = {isa = PBXFileReference; lastKnownFileType = sourcecode.swift; path = LocalizableStrings.swift; sourceTree = "<group>"; };
		D988C522283C33E100D64404 /* UserSettings.swift */ = {isa = PBXFileReference; lastKnownFileType = sourcecode.swift; path = UserSettings.swift; sourceTree = "<group>"; };
		D98EC5DD282596C300340BE5 /* SoundCell.swift */ = {isa = PBXFileReference; lastKnownFileType = sourcecode.swift; path = SoundCell.swift; sourceTree = "<group>"; };
		D98EC5E02825A05900340BE5 /* Sound.swift */ = {isa = PBXFileReference; lastKnownFileType = sourcecode.swift; path = Sound.swift; sourceTree = "<group>"; };
		D98EC5E22825A45000340BE5 /* SoundsViewViewModel.swift */ = {isa = PBXFileReference; lastKnownFileType = sourcecode.swift; path = SoundsViewViewModel.swift; sourceTree = "<group>"; };
		D9B4F73D283C8F4D0000EEF7 /* Unidos do Medo e Delírio.mp3 */ = {isa = PBXFileReference; lastKnownFileType = audio.mp3; path = "Unidos do Medo e Delírio.mp3"; sourceTree = "<group>"; };
		D9B4F73E283C8F4D0000EEF7 /* O roque ativa.mp3 */ = {isa = PBXFileReference; lastKnownFileType = audio.mp3; path = "O roque ativa.mp3"; sourceTree = "<group>"; };
		D9B4F741283C92DC0000EEF7 /* Trote Luiz Pareto - TELERJ meme mas que filho da puta olhaí veja você.mp3 */ = {isa = PBXFileReference; lastKnownFileType = audio.mp3; path = "Trote Luiz Pareto - TELERJ meme mas que filho da puta olhaí veja você.mp3"; sourceTree = "<group>"; };
		D9B4F742283C92DC0000EEF7 /* Fred - Cê tá falando sério.mp3 */ = {isa = PBXFileReference; lastKnownFileType = audio.mp3; path = "Fred - Cê tá falando sério.mp3"; sourceTree = "<group>"; };
		D9B4F745283C939E0000EEF7 /* Olavo de Carvalho - Porra.mp3 */ = {isa = PBXFileReference; lastKnownFileType = audio.mp3; path = "Olavo de Carvalho - Porra.mp3"; sourceTree = "<group>"; };
		D9B4F747283C94600000EEF7 /* Cerginho da Perera Nunes - Com certeza.mp3 */ = {isa = PBXFileReference; lastKnownFileType = audio.mp3; path = "Cerginho da Perera Nunes - Com certeza.mp3"; sourceTree = "<group>"; };
		D9C0343F283AAF6100DB96E6 /* JORNAL DA RECORD - Não é coisa de deus não.mp3 */ = {isa = PBXFileReference; lastKnownFileType = audio.mp3; path = "JORNAL DA RECORD - Não é coisa de deus não.mp3"; sourceTree = "<group>"; };
		D9C03440283AAF6100DB96E6 /* Tim Maia - Me Dê Motivo.mp3 */ = {isa = PBXFileReference; lastKnownFileType = audio.mp3; path = "Tim Maia - Me Dê Motivo.mp3"; sourceTree = "<group>"; };
		D9E11725283EDA3D0043E2F2 /* Hassum - PUTA QUE PARIU.mp3 */ = {isa = PBXFileReference; lastKnownFileType = audio.mp3; path = "Hassum - PUTA QUE PARIU.mp3"; sourceTree = "<group>"; };
		D9E11726283EDA3D0043E2F2 /* Trote Pareto - Calma filha da puta calma.mp3 */ = {isa = PBXFileReference; lastKnownFileType = audio.mp3; path = "Trote Pareto - Calma filha da puta calma.mp3"; sourceTree = "<group>"; };
		D9E11729283EDE5C0043E2F2 /* Boldo - Puta que pariu marquinho.mp3 */ = {isa = PBXFileReference; lastKnownFileType = audio.mp3; path = "Boldo - Puta que pariu marquinho.mp3"; sourceTree = "<group>"; };
		D9E1172A283EDE5C0043E2F2 /* Tu tava fora do brasil irmão short.mp3 */ = {isa = PBXFileReference; lastKnownFileType = audio.mp3; path = "Tu tava fora do brasil irmão short.mp3"; sourceTree = "<group>"; };
		D9E1172B283EDE5C0043E2F2 /* Choque de Cultura - Rogerinho - Aqui tem informação.mp3 */ = {isa = PBXFileReference; lastKnownFileType = audio.mp3; path = "Choque de Cultura - Rogerinho - Aqui tem informação.mp3"; sourceTree = "<group>"; };
		D9E1172C283EDE5C0043E2F2 /* Choque de Cultura - Falo com tranquilidade.mp3 */ = {isa = PBXFileReference; lastKnownFileType = audio.mp3; path = "Choque de Cultura - Falo com tranquilidade.mp3"; sourceTree = "<group>"; };
		D9E1172D283EDE5C0043E2F2 /* Boldo - Muito bom, muito bom.mp3 */ = {isa = PBXFileReference; lastKnownFileType = audio.mp3; path = "Boldo - Muito bom, muito bom.mp3"; sourceTree = "<group>"; };
		D9E1172E283EDE5C0043E2F2 /* Choque de cultura - Rogerinho - Não vamos falar de pornô aqui não.mp3 */ = {isa = PBXFileReference; lastKnownFileType = audio.mp3; path = "Choque de cultura - Rogerinho - Não vamos falar de pornô aqui não.mp3"; sourceTree = "<group>"; };
		D9E1172F283EDE5C0043E2F2 /* Boldo - Parece até que um helicóptero pousou em cima da tua cara.mp3 */ = {isa = PBXFileReference; lastKnownFileType = audio.mp3; path = "Boldo - Parece até que um helicóptero pousou em cima da tua cara.mp3"; sourceTree = "<group>"; };
		D9E11730283EDE5C0043E2F2 /* Choque de Cultura - Rogerinho - Ó a informação aí.mp3 */ = {isa = PBXFileReference; lastKnownFileType = audio.mp3; path = "Choque de Cultura - Rogerinho - Ó a informação aí.mp3"; sourceTree = "<group>"; };
		D9E11731283EDE5C0043E2F2 /* CHOQUE DE CULTURA - Rogerinho Às vezes o ódio é a única emoção possível short.mp3 */ = {isa = PBXFileReference; lastKnownFileType = audio.mp3; path = "CHOQUE DE CULTURA - Rogerinho Às vezes o ódio é a única emoção possível short.mp3"; sourceTree = "<group>"; };
		D9E11732283EDE5C0043E2F2 /* Boldo - Carrralho caralho.mp3 */ = {isa = PBXFileReference; lastKnownFileType = audio.mp3; path = "Boldo - Carrralho caralho.mp3"; sourceTree = "<group>"; };
		D9E11733283EDE5C0043E2F2 /* Futurama - Então tudo bem short.mp3 */ = {isa = PBXFileReference; lastKnownFileType = audio.mp3; path = "Futurama - Então tudo bem short.mp3"; sourceTree = "<group>"; };
		D9E11734283EDE5C0043E2F2 /* Caetano - Que loucura, que coisa absurda short.mp3 */ = {isa = PBXFileReference; lastKnownFileType = audio.mp3; path = "Caetano - Que loucura, que coisa absurda short.mp3"; sourceTree = "<group>"; };
		D9E11735283EDE5C0043E2F2 /* General Mourão Bom Dia short.mp3 */ = {isa = PBXFileReference; lastKnownFileType = audio.mp3; path = "General Mourão Bom Dia short.mp3"; sourceTree = "<group>"; };
		D9E11736283EDE5C0043E2F2 /* Boldo - Que boldo bão.mp3 */ = {isa = PBXFileReference; lastKnownFileType = audio.mp3; path = "Boldo - Que boldo bão.mp3"; sourceTree = "<group>"; };
		D9E11737283EDE5C0043E2F2 /* Caetano - Não short.mp3 */ = {isa = PBXFileReference; lastKnownFileType = audio.mp3; path = "Caetano - Não short.mp3"; sourceTree = "<group>"; };
		D9E11749283EE12A0043E2F2 /* BENDER Ahh, agora eu entendi short.mp3 */ = {isa = PBXFileReference; lastKnownFileType = audio.mp3; path = "BENDER Ahh, agora eu entendi short.mp3"; sourceTree = "<group>"; };
		D9E1174A283EE12A0043E2F2 /* Choque de Cultura - Renan - Vamos fazer essa critica ai.mp3 */ = {isa = PBXFileReference; lastKnownFileType = audio.mp3; path = "Choque de Cultura - Renan - Vamos fazer essa critica ai.mp3"; sourceTree = "<group>"; };
		D9E1174B283EE12A0043E2F2 /* Choque de Cultura - Cabo cabo cabo ja ta desvirtuando ja short.mp3 */ = {isa = PBXFileReference; lastKnownFileType = audio.mp3; path = "Choque de Cultura - Cabo cabo cabo ja ta desvirtuando ja short.mp3"; sourceTree = "<group>"; };
		D9E1174F283EE4F30043E2F2 /* Ciro Gomes - Conspirador filho da puta.mp3 */ = {isa = PBXFileReference; lastKnownFileType = audio.mp3; path = "Ciro Gomes - Conspirador filho da puta.mp3"; sourceTree = "<group>"; };
		D9E11750283EE4F30043E2F2 /* Silas Malafaia - Mentiroso sem vergonha vai pro inferno short.mp3 */ = {isa = PBXFileReference; lastKnownFileType = audio.mp3; path = "Silas Malafaia - Mentiroso sem vergonha vai pro inferno short.mp3"; sourceTree = "<group>"; };
		D9E11751283EE4F30043E2F2 /* Michel Temer - Pigarro.mp3 */ = {isa = PBXFileReference; lastKnownFileType = audio.mp3; path = "Michel Temer - Pigarro.mp3"; sourceTree = "<group>"; };
		D9E11753283EE4F30043E2F2 /* Gustavo mendes dilma todo mundo se fudeu.mp3 */ = {isa = PBXFileReference; lastKnownFileType = audio.mp3; path = "Gustavo mendes dilma todo mundo se fudeu.mp3"; sourceTree = "<group>"; };
		D9E11754283EE4F30043E2F2 /* Michel Temer - Tem que pedir uma pastilha.mp3 */ = {isa = PBXFileReference; lastKnownFileType = audio.mp3; path = "Michel Temer - Tem que pedir uma pastilha.mp3"; sourceTree = "<group>"; };
		D9E11755283EE4F40043E2F2 /* Temer - Não renunciarei short.mp3 */ = {isa = PBXFileReference; lastKnownFileType = audio.mp3; path = "Temer - Não renunciarei short.mp3"; sourceTree = "<group>"; };
		D9E11756283EE4F40043E2F2 /* Silas Malafaia - Eu tenho pena short.mp3 */ = {isa = PBXFileReference; lastKnownFileType = audio.mp3; path = "Silas Malafaia - Eu tenho pena short.mp3"; sourceTree = "<group>"; };
		D9E11757283EE4F40043E2F2 /* Mourão - Essa conta irá para as Forças Armadas trecho short.mp3 */ = {isa = PBXFileReference; lastKnownFileType = audio.mp3; path = "Mourão - Essa conta irá para as Forças Armadas trecho short.mp3"; sourceTree = "<group>"; };
		D9E11758283EE4F40043E2F2 /* Ciro Gomes - Veja bem, se eu estiver errado me corrija.mp3 */ = {isa = PBXFileReference; lastKnownFileType = audio.mp3; path = "Ciro Gomes - Veja bem, se eu estiver errado me corrija.mp3"; sourceTree = "<group>"; };
		D9E11759283EE4F40043E2F2 /* Opaio - Tomar no cu rapaz.mp3 */ = {isa = PBXFileReference; lastKnownFileType = audio.mp3; path = "Opaio - Tomar no cu rapaz.mp3"; sourceTree = "<group>"; };
		D9E1175A283EE4F40043E2F2 /* Xaropinho - Rapaz short.mp3 */ = {isa = PBXFileReference; lastKnownFileType = audio.mp3; path = "Xaropinho - Rapaz short.mp3"; sourceTree = "<group>"; };
		D9E1175B283EE4F40043E2F2 /* Ciro Gomes - Que isso, francamente.mp3 */ = {isa = PBXFileReference; lastKnownFileType = audio.mp3; path = "Ciro Gomes - Que isso, francamente.mp3"; sourceTree = "<group>"; };
		D9E1175C283EE4F40043E2F2 /* Reinaldo Azevedo - E mentira.mp3 */ = {isa = PBXFileReference; lastKnownFileType = audio.mp3; path = "Reinaldo Azevedo - E mentira.mp3"; sourceTree = "<group>"; };
		D9E69593283D2F2F00C341B2 /* Favorite.swift */ = {isa = PBXFileReference; lastKnownFileType = sourcecode.swift; path = Favorite.swift; sourceTree = "<group>"; };
		D9E69596283D551500C341B2 /* LocalDatabase.swift */ = {isa = PBXFileReference; lastKnownFileType = sourcecode.swift; path = LocalDatabase.swift; sourceTree = "<group>"; };
/* End PBXFileReference section */

/* Begin PBXFrameworksBuildPhase section */
		D9625E7728238F9A00080852 /* Frameworks */ = {
			isa = PBXFrameworksBuildPhase;
			buildActionMask = 2147483647;
			files = (
				D9E69592283D2E2C00C341B2 /* SQLite in Frameworks */,
			);
			runOnlyForDeploymentPostprocessing = 0;
		};
		D9625E8728238F9B00080852 /* Frameworks */ = {
			isa = PBXFrameworksBuildPhase;
			buildActionMask = 2147483647;
			files = (
			);
			runOnlyForDeploymentPostprocessing = 0;
		};
/* End PBXFrameworksBuildPhase section */

/* Begin PBXGroup section */
		D92E7068283C5C120035826C /* Songs */ = {
			isa = PBXGroup;
			children = (
				D92879E5283EF00600369CE5 /* Nao era fake news era jornalismo.mp3 */,
				D92879E6283EF00600369CE5 /* Pena que nao pode ver um impeachment.mp3 */,
				D9B4F73E283C8F4D0000EEF7 /* O roque ativa.mp3 */,
				D9B4F73D283C8F4D0000EEF7 /* Unidos do Medo e Delírio.mp3 */,
				D92E706B283C5C2C0035826C /* Eu volto pro ostracismo.mp3 */,
			);
			path = Songs;
			sourceTree = "<group>";
		};
		D92E7073283C5D9E0035826C /* Songs */ = {
			isa = PBXGroup;
			children = (
				D958B1AD28394E420010F133 /* SongsView.swift */,
				D92E7071283C5D990035826C /* SongsViewViewModel.swift */,
				D92E7074283C5F620035826C /* SongCell.swift */,
			);
			path = Songs;
			sourceTree = "<group>";
		};
		D940E27D283AA27D00392D1C /* Sounds */ = {
			isa = PBXGroup;
			children = (
				D9287A0B283EF77F00369CE5 /* Sabe que voce e muito petulante.mp3 */,
				D9287A0C283EF77F00369CE5 /* Silas Malafaia - Nunca vi tu e burro cara.mp3 */,
				D9287A09283EF6C300369CE5 /* Boldo - Deixa com a cara magoada.mp3 */,
				D9287A07283EF62E00369CE5 /* Abraham Weintraub - odeio odeio odeio short.mp3 */,
				D9287A03283EF59F00369CE5 /* Neto - Vocês estão de sacanagem short.mp3 */,
				D9287A01283EF57D00369CE5 /* Que porra e essa batata.mp3 */,
				D92879FC283EF57000369CE5 /* Craque Neto - E cuidado com a cueca hein, cuidado com a cueca.mp3 */,
				D92879F9283EF57000369CE5 /* Hassum - Nem fodendo.mp3 */,
				D92879FB283EF57000369CE5 /* MIDCAST - Teu cu.mp3 */,
				D92879FA283EF57000369CE5 /* Neto - Cês tão de brincadeira.mp3 */,
				D92879EB283EF35700369CE5 /* Bonitinha mas ordinaria - E mentira dele meme short.mp3 */,
				D92879ED283EF35800369CE5 /* Bonitinha mas ordinaria - Mentira.mp3 */,
				D92879EF283EF35800369CE5 /* Fernando Collor - Isso e uma mentira uma pantomima uma patuscada short.mp3 */,
				D92879EA283EF35700369CE5 /* Fernando Collor - Tres vezes dizendo que e mentira.mp3 */,
				D92879EC283EF35700369CE5 /* Mourão - Você é muito mais físico do que intelectual short.mp3 */,
				D92879EE283EF35800369CE5 /* Quercia - E mentira, e tudo mentira.mp3 */,
				D92879F0283EF35800369CE5 /* Quercia - Mentiroso e caluniador, caluniador e mentiroso.mp3 */,
				D92879E9283EF35700369CE5 /* Silas Malafaia - Não seja um mentiroso short.mp3 */,
				D92879E3283EEE1D00369CE5 /* Bolsonaro - Buscamos uma solucao, quem tiver tras pra mim tras pra mim.mp3 */,
				D9E1174F283EE4F30043E2F2 /* Ciro Gomes - Conspirador filho da puta.mp3 */,
				D9E1175B283EE4F40043E2F2 /* Ciro Gomes - Que isso, francamente.mp3 */,
				D9E11758283EE4F40043E2F2 /* Ciro Gomes - Veja bem, se eu estiver errado me corrija.mp3 */,
				D9E11753283EE4F30043E2F2 /* Gustavo mendes dilma todo mundo se fudeu.mp3 */,
				D9E11751283EE4F30043E2F2 /* Michel Temer - Pigarro.mp3 */,
				D9E11754283EE4F30043E2F2 /* Michel Temer - Tem que pedir uma pastilha.mp3 */,
				D9E11757283EE4F40043E2F2 /* Mourão - Essa conta irá para as Forças Armadas trecho short.mp3 */,
				D9E11759283EE4F40043E2F2 /* Opaio - Tomar no cu rapaz.mp3 */,
				D9E1175C283EE4F40043E2F2 /* Reinaldo Azevedo - E mentira.mp3 */,
				D9E11756283EE4F40043E2F2 /* Silas Malafaia - Eu tenho pena short.mp3 */,
				D9E11750283EE4F30043E2F2 /* Silas Malafaia - Mentiroso sem vergonha vai pro inferno short.mp3 */,
				D9E11755283EE4F40043E2F2 /* Temer - Não renunciarei short.mp3 */,
				D9E1175A283EE4F40043E2F2 /* Xaropinho - Rapaz short.mp3 */,
				D9E11749283EE12A0043E2F2 /* BENDER Ahh, agora eu entendi short.mp3 */,
				D9E1174B283EE12A0043E2F2 /* Choque de Cultura - Cabo cabo cabo ja ta desvirtuando ja short.mp3 */,
				D9E1174A283EE12A0043E2F2 /* Choque de Cultura - Renan - Vamos fazer essa critica ai.mp3 */,
				D9E11732283EDE5C0043E2F2 /* Boldo - Carrralho caralho.mp3 */,
				D9E1172D283EDE5C0043E2F2 /* Boldo - Muito bom, muito bom.mp3 */,
				D9E1172F283EDE5C0043E2F2 /* Boldo - Parece até que um helicóptero pousou em cima da tua cara.mp3 */,
				D9E11729283EDE5C0043E2F2 /* Boldo - Puta que pariu marquinho.mp3 */,
				D9E11736283EDE5C0043E2F2 /* Boldo - Que boldo bão.mp3 */,
				D9E11737283EDE5C0043E2F2 /* Caetano - Não short.mp3 */,
				D9E11734283EDE5C0043E2F2 /* Caetano - Que loucura, que coisa absurda short.mp3 */,
				D9E1172C283EDE5C0043E2F2 /* Choque de Cultura - Falo com tranquilidade.mp3 */,
				D9E1172B283EDE5C0043E2F2 /* Choque de Cultura - Rogerinho - Aqui tem informação.mp3 */,
				D9E1172E283EDE5C0043E2F2 /* Choque de cultura - Rogerinho - Não vamos falar de pornô aqui não.mp3 */,
				D9E11730283EDE5C0043E2F2 /* Choque de Cultura - Rogerinho - Ó a informação aí.mp3 */,
				D9E11731283EDE5C0043E2F2 /* CHOQUE DE CULTURA - Rogerinho Às vezes o ódio é a única emoção possível short.mp3 */,
				D9E11733283EDE5C0043E2F2 /* Futurama - Então tudo bem short.mp3 */,
				D9E11735283EDE5C0043E2F2 /* General Mourão Bom Dia short.mp3 */,
				D9E1172A283EDE5C0043E2F2 /* Tu tava fora do brasil irmão short.mp3 */,
				D9E11725283EDA3D0043E2F2 /* Hassum - PUTA QUE PARIU.mp3 */,
				D9E11726283EDA3D0043E2F2 /* Trote Pareto - Calma filha da puta calma.mp3 */,
				D94A4272283E895F00A504BD /* Choque de Cultura - Renan - É Paradoxo que chama isso aí.mp3 */,
				D94A4273283E895F00A504BD /* Saiddy Bamba - Vai chorar é vai chorar é chore na minha.mp3 */,
				D94A4269283E87E100A504BD /* Away - Para com essa porra aí mermão short.mp3 */,
				D94A426B283E87E100A504BD /* CIRO GOMES - Paulo Guedes mentiroso tá enganando a rapazeada paulo guedes.mp3 */,
				D94A426A283E87E100A504BD /* Costinha - Se fudeu short.mp3 */,
				D94A4268283E87E100A504BD /* Mermão na moral short.mp3 */,
				D94A4266283E87E100A504BD /* Que merda hein short.mp3 */,
				D94A4267283E87E100A504BD /* Ulysses Guimarães - Temos ódio à ditadura, ódio e nojo.mp3 */,
				D94A425C283E85D500A504BD /* Boldo - Esse é o boldo bão.mp3 */,
				D94A425B283E85D500A504BD /* Boulos Porra short.mp3 */,
				D94A425E283E85D500A504BD /* Brizola - Filhotes da ditadura.mp3 */,
				D94A425D283E85D500A504BD /* Ciro Gomes  - Atenção Paulo Guedes.mp3 */,
				D94A425F283E85D500A504BD /* Leo Stronda Porra.mp3 */,
				D94A425A283E85D500A504BD /* Queima quengaral wooo short.mp3 */,
				D9B4F747283C94600000EEF7 /* Cerginho da Perera Nunes - Com certeza.mp3 */,
				D9B4F745283C939E0000EEF7 /* Olavo de Carvalho - Porra.mp3 */,
				D9B4F742283C92DC0000EEF7 /* Fred - Cê tá falando sério.mp3 */,
				D9B4F741283C92DC0000EEF7 /* Trote Luiz Pareto - TELERJ meme mas que filho da puta olhaí veja você.mp3 */,
				D9C0343F283AAF6100DB96E6 /* JORNAL DA RECORD - Não é coisa de deus não.mp3 */,
				D9C03440283AAF6100DB96E6 /* Tim Maia - Me Dê Motivo.mp3 */,
				D940E29A283AA2C200392D1C /* ADY - oh nao mais um crime de responsabilidade.mp3 */,
				D940E298283AA2C200392D1C /* Aham sei.mp3 */,
				D940E28D283AA2C200392D1C /* Alborgeti - Que Merda Hein.mp3 */,
				D940E287283AA2C200392D1C /* Away - nao fode mermao.mp3 */,
				D940E285283AA2C200392D1C /* calma_calma_calma.mp3 */,
				D940E28A283AA2C200392D1C /* Deltan Dallangnol - Os meus advogados estão estarrecidos.mp3 */,
				D940E28E283AA2C200392D1C /* deu_errado.mp3 */,
				D940E297283AA2C200392D1C /* e_um_merda.mp3 */,
				D940E283283AA2C200392D1C /* EMICIDA_no_loolapalooza_Tira_o_título_e_bolsonaro_vai_tomar_no_cu.mp3 */,
				D940E280283AA2C200392D1C /* esse_braga_neto_que_eh_um_bosta.mp3 */,
				D940E28B283AA2C200392D1C /* esse_neto_bosta.mp3 */,
				D940E29B283AA2C200392D1C /* funk_do_xandao.mp3 */,
				D940E286283AA2C200392D1C /* LUVA DE PEDREIRO - E, caralho carai, RECEBA.mp3 */,
				D940E28C283AA2C200392D1C /* MULTISHOW - Lulu Santos - Censura nunca mais.mp3 */,
				D940E291283AA2C200392D1C /* MULTISHOW_Gloria_Groove_Quer_dizer_que_eles_querem_calar_a_gente.mp3 */,
				D940E289283AA2C200392D1C /* MULTISHOW_Titi_Muller_Ta_bombando_mais_do_que_o_povo_pedindo_Anitta.mp3 */,
				D940E281283AA2C200392D1C /* O CARA DA LUVA DE PEDREIRO - receba carai caralho.mp3 */,
				D940E293283AA2C200392D1C /* O CARA DA LUVA DE PEDREIRO - Receba.mp3 */,
				D940E292283AA2C200392D1C /* o_cachorro_do_supremo.mp3 */,
				D940E299283AA2C200392D1C /* Passada chocada meu Deus jesus.mp3 */,
				D940E290283AA2C200392D1C /* PODER36_Paulo_Guedes_Tem_mais_iPhones_no_Brasil_que_população_Brasileiros.mp3 */,
				D940E284283AA2C200392D1C /* PORTA_DOS_FUNDOS_BALBÚRDIA_Bom_dia,_turma,_todo_mundo_tirando_a.mp3 */,
				D940E28F283AA2C200392D1C /* ta_bom_xandao_ta_bom.mp3 */,
				D940E296283AA2C200392D1C /* tu_entendeu_a_pergunta.mp3 */,
				D940E295283AA2C200392D1C /* tu_ouviu_isso.mp3 */,
				D940E288283AA2C200392D1C /* tv_senado_soraya_thronicke_a_gente_vai_cansando_sabe.mp3 */,
				D940E282283AA2C200392D1C /* um_bosta_ciro.mp3 */,
				D940E27E283AA29600392D1C /* Feiticeira - Não é feitiçaria, é tecnologia meme short.mp3 */,
			);
			path = Sounds;
			sourceTree = "<group>";
		};
		D961D0142837229100EFEDEB /* Extensions */ = {
			isa = PBXGroup;
			children = (
				D961D015283722AB00EFEDEB /* Color+CustomColors.swift */,
				D93443282838230500ADCD38 /* String+Extensions.swift */,
			);
			path = Extensions;
			sourceTree = "<group>";
		};
		D961D0232837319600EFEDEB /* Help */ = {
			isa = PBXGroup;
			children = (
				D961D024283731AA00EFEDEB /* SoundHelpView.swift */,
				D94A4213283DC52800A504BD /* SongHelpView.swift */,
			);
			path = Help;
			sourceTree = "<group>";
		};
		D9625E7128238F9A00080852 = {
			isa = PBXGroup;
			children = (
				D9625E7C28238F9A00080852 /* MedoDelirioBrasilia */,
				D9625E8D28238F9B00080852 /* MedoDelirioBrasiliaTests */,
				D9625E7B28238F9A00080852 /* Products */,
			);
			sourceTree = "<group>";
		};
		D9625E7B28238F9A00080852 /* Products */ = {
			isa = PBXGroup;
			children = (
				D9625E7A28238F9A00080852 /* Medo e Delírio.app */,
				D9625E8A28238F9B00080852 /* MedoDelirioBrasiliaTests.xctest */,
			);
			name = Products;
			sourceTree = "<group>";
		};
		D9625E7C28238F9A00080852 /* MedoDelirioBrasilia */ = {
			isa = PBXGroup;
			children = (
				D9625EA72823949200080852 /* Sources */,
				D9625EA82823949700080852 /* Resources */,
				D9625E7D28238F9A00080852 /* MedoDelirioBrasiliaApp.swift */,
				D9625E8128238F9B00080852 /* Assets.xcassets */,
				D9625E8328238F9B00080852 /* Preview Content */,
				D980455E28380EFE003B2E83 /* Localizable.strings */,
			);
			path = MedoDelirioBrasilia;
			sourceTree = "<group>";
		};
		D9625E8328238F9B00080852 /* Preview Content */ = {
			isa = PBXGroup;
			children = (
				D9625E8428238F9B00080852 /* Preview Assets.xcassets */,
			);
			path = "Preview Content";
			sourceTree = "<group>";
		};
		D9625E8D28238F9B00080852 /* MedoDelirioBrasiliaTests */ = {
			isa = PBXGroup;
			children = (
				D9E69598283D581700C341B2 /* Sources */,
			);
			path = MedoDelirioBrasiliaTests;
			sourceTree = "<group>";
		};
		D9625EA72823949200080852 /* Sources */ = {
			isa = PBXGroup;
			children = (
				D98EC5DF2825A04000340BE5 /* Models */,
				D9625EAB2824EADC00080852 /* Views */,
				D9E69595283D54EA00C341B2 /* DataHandlers */,
				D961D0142837229100EFEDEB /* Extensions */,
				D980456028380F45003B2E83 /* AppSupport */,
				D961D01728372B1800EFEDEB /* AudioPlayer.swift */,
			);
			path = Sources;
			sourceTree = "<group>";
		};
		D9625EA82823949700080852 /* Resources */ = {
			isa = PBXGroup;
			children = (
				D940E27D283AA27D00392D1C /* Sounds */,
				D92E7068283C5C120035826C /* Songs */,
				D92E706F283C5CF40035826C /* song_data.json */,
				D934432628381DEF00ADCD38 /* author_data.json */,
				D961D01228371F1700EFEDEB /* sound_data.json */,
			);
			path = Resources;
			sourceTree = "<group>";
		};
		D9625EAB2824EADC00080852 /* Views */ = {
			isa = PBXGroup;
			children = (
				D958B1A928394D400010F133 /* MainView.swift */,
				D9B9025C2837485000551239 /* Sounds */,
				D961D0232837319600EFEDEB /* Help */,
				D92E7073283C5D9E0035826C /* Songs */,
				D958B1AB28394DCD0010F133 /* FavoritesView.swift */,
				D958B1AF28394EA40010F133 /* TrendsView.swift */,
				D958B1B12839534D0010F133 /* SettingsView.swift */,
			);
			path = Views;
			sourceTree = "<group>";
		};
		D980456028380F45003B2E83 /* AppSupport */ = {
			isa = PBXGroup;
			children = (
				D980456128380F66003B2E83 /* LocalizableStrings.swift */,
				D988C522283C33E100D64404 /* UserSettings.swift */,
			);
			path = AppSupport;
			sourceTree = "<group>";
		};
		D98EC5DF2825A04000340BE5 /* Models */ = {
			isa = PBXGroup;
			children = (
				D98EC5E02825A05900340BE5 /* Sound.swift */,
				D92E7066283C51D20035826C /* Song.swift */,
				D9344322283812AD00ADCD38 /* Author.swift */,
				D93443242838177000ADCD38 /* UserInfo.swift */,
				D9E69593283D2F2F00C341B2 /* Favorite.swift */,
			);
			path = Models;
			sourceTree = "<group>";
		};
		D9B9025C2837485000551239 /* Sounds */ = {
			isa = PBXGroup;
			children = (
				D9625E7F28238F9A00080852 /* SoundsView.swift */,
				D98EC5E22825A45000340BE5 /* SoundsViewViewModel.swift */,
				D98EC5DD282596C300340BE5 /* SoundCell.swift */,
			);
			path = Sounds;
			sourceTree = "<group>";
		};
		D9E69595283D54EA00C341B2 /* DataHandlers */ = {
			isa = PBXGroup;
			children = (
				D961D01028371EE800EFEDEB /* FixedLocalData.swift */,
				D9E69596283D551500C341B2 /* LocalDatabase.swift */,
			);
			path = DataHandlers;
			sourceTree = "<group>";
		};
		D9E69598283D581700C341B2 /* Sources */ = {
			isa = PBXGroup;
			children = (
				D9E69599283D581E00C341B2 /* DataHandlers */,
			);
			path = Sources;
			sourceTree = "<group>";
		};
		D9E69599283D581E00C341B2 /* DataHandlers */ = {
			isa = PBXGroup;
			children = (
				D9625E8E28238F9B00080852 /* LocalDatabaseTests.swift */,
			);
			path = DataHandlers;
			sourceTree = "<group>";
		};
/* End PBXGroup section */

/* Begin PBXNativeTarget section */
		D9625E7928238F9A00080852 /* MedoDelirioBrasilia */ = {
			isa = PBXNativeTarget;
			buildConfigurationList = D9625E9E28238F9B00080852 /* Build configuration list for PBXNativeTarget "MedoDelirioBrasilia" */;
			buildPhases = (
				D9625E7628238F9A00080852 /* Sources */,
				D9625E7728238F9A00080852 /* Frameworks */,
				D9625E7828238F9A00080852 /* Resources */,
			);
			buildRules = (
			);
			dependencies = (
			);
			name = MedoDelirioBrasilia;
			packageProductDependencies = (
				D9E69591283D2E2C00C341B2 /* SQLite */,
			);
			productName = MedoDelirioBrasilia;
			productReference = D9625E7A28238F9A00080852 /* Medo e Delírio.app */;
			productType = "com.apple.product-type.application";
		};
		D9625E8928238F9B00080852 /* MedoDelirioBrasiliaTests */ = {
			isa = PBXNativeTarget;
			buildConfigurationList = D9625EA128238F9B00080852 /* Build configuration list for PBXNativeTarget "MedoDelirioBrasiliaTests" */;
			buildPhases = (
				D9625E8628238F9B00080852 /* Sources */,
				D9625E8728238F9B00080852 /* Frameworks */,
				D9625E8828238F9B00080852 /* Resources */,
			);
			buildRules = (
			);
			dependencies = (
				D9625E8C28238F9B00080852 /* PBXTargetDependency */,
			);
			name = MedoDelirioBrasiliaTests;
			productName = MedoDelirioBrasiliaTests;
			productReference = D9625E8A28238F9B00080852 /* MedoDelirioBrasiliaTests.xctest */;
			productType = "com.apple.product-type.bundle.unit-test";
		};
/* End PBXNativeTarget section */

/* Begin PBXProject section */
		D9625E7228238F9A00080852 /* Project object */ = {
			isa = PBXProject;
			attributes = {
				BuildIndependentTargetsInParallel = 1;
				LastSwiftUpdateCheck = 1330;
				LastUpgradeCheck = 1330;
				TargetAttributes = {
					D9625E7928238F9A00080852 = {
						CreatedOnToolsVersion = 13.3.1;
					};
					D9625E8928238F9B00080852 = {
						CreatedOnToolsVersion = 13.3.1;
						TestTargetID = D9625E7928238F9A00080852;
					};
				};
			};
			buildConfigurationList = D9625E7528238F9A00080852 /* Build configuration list for PBXProject "MedoDelirioBrasilia" */;
			compatibilityVersion = "Xcode 13.0";
			developmentRegion = en;
			hasScannedForEncodings = 0;
			knownRegions = (
				en,
				Base,
				"pt-BR",
			);
			mainGroup = D9625E7128238F9A00080852;
			packageReferences = (
				D9E69590283D2E2C00C341B2 /* XCRemoteSwiftPackageReference "SQLite" */,
			);
			productRefGroup = D9625E7B28238F9A00080852 /* Products */;
			projectDirPath = "";
			projectRoot = "";
			targets = (
				D9625E7928238F9A00080852 /* MedoDelirioBrasilia */,
				D9625E8928238F9B00080852 /* MedoDelirioBrasiliaTests */,
			);
		};
/* End PBXProject section */

/* Begin PBXResourcesBuildPhase section */
		D9625E7828238F9A00080852 /* Resources */ = {
			isa = PBXResourcesBuildPhase;
			buildActionMask = 2147483647;
			files = (
				D9C03441283AAF6100DB96E6 /* JORNAL DA RECORD - Não é coisa de deus não.mp3 in Resources */,
				D9E1174D283EE12A0043E2F2 /* Choque de Cultura - Renan - Vamos fazer essa critica ai.mp3 in Resources */,
				D9E11745283EDE5C0043E2F2 /* Boldo - Que boldo bão.mp3 in Resources */,
				D92879FF283EF57000369CE5 /* MIDCAST - Teu cu.mp3 in Resources */,
				D9E11728283EDA3D0043E2F2 /* Trote Pareto - Calma filha da puta calma.mp3 in Resources */,
				D940E2B1283AA2C200392D1C /* tu_ouviu_isso.mp3 in Resources */,
				D9E1173A283EDE5C0043E2F2 /* Choque de Cultura - Rogerinho - Aqui tem informação.mp3 in Resources */,
				D94A4265283E85D500A504BD /* Leo Stronda Porra.mp3 in Resources */,
				D92E706E283C5C2C0035826C /* Eu volto pro ostracismo.mp3 in Resources */,
				D94A4275283E895F00A504BD /* Saiddy Bamba - Vai chorar é vai chorar é chore na minha.mp3 in Resources */,
				D9B4F740283C8F4D0000EEF7 /* O roque ativa.mp3 in Resources */,
				D9E11741283EDE5C0043E2F2 /* Boldo - Carrralho caralho.mp3 in Resources */,
				D940E2AF283AA2C200392D1C /* O CARA DA LUVA DE PEDREIRO - Receba.mp3 in Resources */,
				D961D01328371F1700EFEDEB /* sound_data.json in Resources */,
				D9E11738283EDE5C0043E2F2 /* Boldo - Puta que pariu marquinho.mp3 in Resources */,
				D940E2AD283AA2C200392D1C /* MULTISHOW_Gloria_Groove_Quer_dizer_que_eles_querem_calar_a_gente.mp3 in Resources */,
				D934432728381DEF00ADCD38 /* author_data.json in Resources */,
				D9B4F743283C92DC0000EEF7 /* Trote Luiz Pareto - TELERJ meme mas que filho da puta olhaí veja você.mp3 in Resources */,
				D9E11742283EDE5C0043E2F2 /* Futurama - Então tudo bem short.mp3 in Resources */,
				D9E1173E283EDE5C0043E2F2 /* Boldo - Parece até que um helicóptero pousou em cima da tua cara.mp3 in Resources */,
				D940E2A3283AA2C200392D1C /* Away - nao fode mermao.mp3 in Resources */,
				D92879F4283EF35800369CE5 /* Mourão - Você é muito mais físico do que intelectual short.mp3 in Resources */,
				D940E2B6283AA2C200392D1C /* ADY - oh nao mais um crime de responsabilidade.mp3 in Resources */,
				D940E29D283AA2C200392D1C /* O CARA DA LUVA DE PEDREIRO - receba carai caralho.mp3 in Resources */,
				D94A4261283E85D500A504BD /* Boulos Porra short.mp3 in Resources */,
				D9E11746283EDE5C0043E2F2 /* Caetano - Não short.mp3 in Resources */,
				D9287A04283EF59F00369CE5 /* Neto - Vocês estão de sacanagem short.mp3 in Resources */,
				D9287A0D283EF77F00369CE5 /* Sabe que voce e muito petulante.mp3 in Resources */,
				D9B4F746283C939E0000EEF7 /* Olavo de Carvalho - Porra.mp3 in Resources */,
				D94A426E283E87E100A504BD /* Mermão na moral short.mp3 in Resources */,
				D940E2B4283AA2C200392D1C /* Aham sei.mp3 in Resources */,
				D9625E8528238F9B00080852 /* Preview Assets.xcassets in Resources */,
				D9E1174C283EE12A0043E2F2 /* BENDER Ahh, agora eu entendi short.mp3 in Resources */,
				D9E11740283EDE5C0043E2F2 /* CHOQUE DE CULTURA - Rogerinho Às vezes o ódio é a única emoção possível short.mp3 in Resources */,
				D9E1175E283EE4F40043E2F2 /* Silas Malafaia - Mentiroso sem vergonha vai pro inferno short.mp3 in Resources */,
				D9E11766283EE4F40043E2F2 /* Ciro Gomes - Veja bem, se eu estiver errado me corrija.mp3 in Resources */,
				D940E2A4283AA2C200392D1C /* tv_senado_soraya_thronicke_a_gente_vai_cansando_sabe.mp3 in Resources */,
				D94A426C283E87E100A504BD /* Que merda hein short.mp3 in Resources */,
				D92879F1283EF35800369CE5 /* Silas Malafaia - Não seja um mentiroso short.mp3 in Resources */,
				D9E1174E283EE12A0043E2F2 /* Choque de Cultura - Cabo cabo cabo ja ta desvirtuando ja short.mp3 in Resources */,
				D92879FE283EF57000369CE5 /* Neto - Cês tão de brincadeira.mp3 in Resources */,
				D9287A0A283EF6C300369CE5 /* Boldo - Deixa com a cara magoada.mp3 in Resources */,
				D940E2B5283AA2C200392D1C /* Passada chocada meu Deus jesus.mp3 in Resources */,
				D92879F6283EF35800369CE5 /* Quercia - E mentira, e tudo mentira.mp3 in Resources */,
				D94A4270283E87E100A504BD /* Costinha - Se fudeu short.mp3 in Resources */,
				D9E11769283EE4F40043E2F2 /* Ciro Gomes - Que isso, francamente.mp3 in Resources */,
				D92879E4283EEE1D00369CE5 /* Bolsonaro - Buscamos uma solucao, quem tiver tras pra mim tras pra mim.mp3 in Resources */,
				D9E1175D283EE4F40043E2F2 /* Ciro Gomes - Conspirador filho da puta.mp3 in Resources */,
				D92E7070283C5CF40035826C /* song_data.json in Resources */,
				D9E1173B283EDE5C0043E2F2 /* Choque de Cultura - Falo com tranquilidade.mp3 in Resources */,
				D92879E7283EF00600369CE5 /* Nao era fake news era jornalismo.mp3 in Resources */,
				D940E2A9283AA2C200392D1C /* Alborgeti - Que Merda Hein.mp3 in Resources */,
				D94A4260283E85D500A504BD /* Queima quengaral wooo short.mp3 in Resources */,
				D9E1173D283EDE5C0043E2F2 /* Choque de cultura - Rogerinho - Não vamos falar de pornô aqui não.mp3 in Resources */,
				D9E11768283EE4F40043E2F2 /* Xaropinho - Rapaz short.mp3 in Resources */,
				D9E11744283EDE5C0043E2F2 /* General Mourão Bom Dia short.mp3 in Resources */,
				D92879F2283EF35800369CE5 /* Fernando Collor - Tres vezes dizendo que e mentira.mp3 in Resources */,
				D9E11767283EE4F40043E2F2 /* Opaio - Tomar no cu rapaz.mp3 in Resources */,
				D940E2A6283AA2C200392D1C /* Deltan Dallangnol - Os meus advogados estão estarrecidos.mp3 in Resources */,
				D9E11762283EE4F40043E2F2 /* Michel Temer - Tem que pedir uma pastilha.mp3 in Resources */,
				D9E1173F283EDE5C0043E2F2 /* Choque de Cultura - Rogerinho - Ó a informação aí.mp3 in Resources */,
				D9E11739283EDE5C0043E2F2 /* Tu tava fora do brasil irmão short.mp3 in Resources */,
				D92879FD283EF57000369CE5 /* Hassum - Nem fodendo.mp3 in Resources */,
				D940E2AA283AA2C200392D1C /* deu_errado.mp3 in Resources */,
				D9C03442283AAF6100DB96E6 /* Tim Maia - Me Dê Motivo.mp3 in Resources */,
				D940E27F283AA29600392D1C /* Feiticeira - Não é feitiçaria, é tecnologia meme short.mp3 in Resources */,
				D9E1175F283EE4F40043E2F2 /* Michel Temer - Pigarro.mp3 in Resources */,
				D940E2A8283AA2C200392D1C /* MULTISHOW - Lulu Santos - Censura nunca mais.mp3 in Resources */,
				D92879F5283EF35800369CE5 /* Bonitinha mas ordinaria - Mentira.mp3 in Resources */,
				D940E2B3283AA2C200392D1C /* e_um_merda.mp3 in Resources */,
				D94A426F283E87E100A504BD /* Away - Para com essa porra aí mermão short.mp3 in Resources */,
				D940E2A5283AA2C200392D1C /* MULTISHOW_Titi_Muller_Ta_bombando_mais_do_que_o_povo_pedindo_Anitta.mp3 in Resources */,
				D9625E8228238F9B00080852 /* Assets.xcassets in Resources */,
				D9E11727283EDA3D0043E2F2 /* Hassum - PUTA QUE PARIU.mp3 in Resources */,
				D9B4F744283C92DC0000EEF7 /* Fred - Cê tá falando sério.mp3 in Resources */,
				D9B4F73F283C8F4D0000EEF7 /* Unidos do Medo e Delírio.mp3 in Resources */,
				D940E29F283AA2C200392D1C /* EMICIDA_no_loolapalooza_Tira_o_título_e_bolsonaro_vai_tomar_no_cu.mp3 in Resources */,
				D940E29E283AA2C200392D1C /* um_bosta_ciro.mp3 in Resources */,
				D94A4264283E85D500A504BD /* Brizola - Filhotes da ditadura.mp3 in Resources */,
				D940E2AE283AA2C200392D1C /* o_cachorro_do_supremo.mp3 in Resources */,
				D940E2A7283AA2C200392D1C /* esse_neto_bosta.mp3 in Resources */,
				D94A4271283E87E100A504BD /* CIRO GOMES - Paulo Guedes mentiroso tá enganando a rapazeada paulo guedes.mp3 in Resources */,
				D940E2B7283AA2C200392D1C /* funk_do_xandao.mp3 in Resources */,
				D9287A02283EF57D00369CE5 /* Que porra e essa batata.mp3 in Resources */,
				D980455C28380EFE003B2E83 /* Localizable.strings in Resources */,
				D94A426D283E87E100A504BD /* Ulysses Guimarães - Temos ódio à ditadura, ódio e nojo.mp3 in Resources */,
				D940E2AC283AA2C200392D1C /* PODER36_Paulo_Guedes_Tem_mais_iPhones_no_Brasil_que_população_Brasileiros.mp3 in Resources */,
				D9E11763283EE4F40043E2F2 /* Temer - Não renunciarei short.mp3 in Resources */,
				D92879F8283EF35800369CE5 /* Quercia - Mentiroso e caluniador, caluniador e mentiroso.mp3 in Resources */,
				D94A4274283E895F00A504BD /* Choque de Cultura - Renan - É Paradoxo que chama isso aí.mp3 in Resources */,
				D940E2AB283AA2C200392D1C /* ta_bom_xandao_ta_bom.mp3 in Resources */,
				D940E2A2283AA2C200392D1C /* LUVA DE PEDREIRO - E, caralho carai, RECEBA.mp3 in Resources */,
				D940E29C283AA2C200392D1C /* esse_braga_neto_que_eh_um_bosta.mp3 in Resources */,
				D9287A0E283EF77F00369CE5 /* Silas Malafaia - Nunca vi tu e burro cara.mp3 in Resources */,
				D9287A08283EF62E00369CE5 /* Abraham Weintraub - odeio odeio odeio short.mp3 in Resources */,
				D940E2B2283AA2C200392D1C /* tu_entendeu_a_pergunta.mp3 in Resources */,
				D9287A00283EF57000369CE5 /* Craque Neto - E cuidado com a cueca hein, cuidado com a cueca.mp3 in Resources */,
				D9E1176A283EE4F40043E2F2 /* Reinaldo Azevedo - E mentira.mp3 in Resources */,
				D9E1173C283EDE5C0043E2F2 /* Boldo - Muito bom, muito bom.mp3 in Resources */,
				D9E11764283EE4F40043E2F2 /* Silas Malafaia - Eu tenho pena short.mp3 in Resources */,
				D9E11761283EE4F40043E2F2 /* Gustavo mendes dilma todo mundo se fudeu.mp3 in Resources */,
				D92879F7283EF35800369CE5 /* Fernando Collor - Isso e uma mentira uma pantomima uma patuscada short.mp3 in Resources */,
				D9E11765283EE4F40043E2F2 /* Mourão - Essa conta irá para as Forças Armadas trecho short.mp3 in Resources */,
				D94A4262283E85D500A504BD /* Boldo - Esse é o boldo bão.mp3 in Resources */,
				D92879F3283EF35800369CE5 /* Bonitinha mas ordinaria - E mentira dele meme short.mp3 in Resources */,
				D9B4F748283C94600000EEF7 /* Cerginho da Perera Nunes - Com certeza.mp3 in Resources */,
				D92879E8283EF00600369CE5 /* Pena que nao pode ver um impeachment.mp3 in Resources */,
				D9E11743283EDE5C0043E2F2 /* Caetano - Que loucura, que coisa absurda short.mp3 in Resources */,
				D940E2A0283AA2C200392D1C /* PORTA_DOS_FUNDOS_BALBÚRDIA_Bom_dia,_turma,_todo_mundo_tirando_a.mp3 in Resources */,
				D94A4263283E85D500A504BD /* Ciro Gomes  - Atenção Paulo Guedes.mp3 in Resources */,
				D940E2A1283AA2C200392D1C /* calma_calma_calma.mp3 in Resources */,
			);
			runOnlyForDeploymentPostprocessing = 0;
		};
		D9625E8828238F9B00080852 /* Resources */ = {
			isa = PBXResourcesBuildPhase;
			buildActionMask = 2147483647;
			files = (
			);
			runOnlyForDeploymentPostprocessing = 0;
		};
/* End PBXResourcesBuildPhase section */

/* Begin PBXSourcesBuildPhase section */
		D9625E7628238F9A00080852 /* Sources */ = {
			isa = PBXSourcesBuildPhase;
			buildActionMask = 2147483647;
			files = (
				D9625E8028238F9A00080852 /* SoundsView.swift in Sources */,
				D958B1AA28394D400010F133 /* MainView.swift in Sources */,
				D93443292838230500ADCD38 /* String+Extensions.swift in Sources */,
				D961D01128371EE800EFEDEB /* FixedLocalData.swift in Sources */,
				D92E7067283C51D20035826C /* Song.swift in Sources */,
				D958B1B028394EA40010F133 /* TrendsView.swift in Sources */,
				D9E69597283D551500C341B2 /* LocalDatabase.swift in Sources */,
				D9625E7E28238F9A00080852 /* MedoDelirioBrasiliaApp.swift in Sources */,
				D958B1AC28394DCD0010F133 /* FavoritesView.swift in Sources */,
				D92E7072283C5D990035826C /* SongsViewViewModel.swift in Sources */,
				D961D016283722AB00EFEDEB /* Color+CustomColors.swift in Sources */,
				D9E69594283D2F2F00C341B2 /* Favorite.swift in Sources */,
				D93443252838177000ADCD38 /* UserInfo.swift in Sources */,
				D988C523283C33E100D64404 /* UserSettings.swift in Sources */,
				D92E7075283C5F620035826C /* SongCell.swift in Sources */,
				D961D01828372B1800EFEDEB /* AudioPlayer.swift in Sources */,
				D98EC5DE282596C300340BE5 /* SoundCell.swift in Sources */,
				D98EC5E32825A45000340BE5 /* SoundsViewViewModel.swift in Sources */,
				D9344323283812AD00ADCD38 /* Author.swift in Sources */,
				D958B1B22839534D0010F133 /* SettingsView.swift in Sources */,
				D94A4214283DC52800A504BD /* SongHelpView.swift in Sources */,
				D980456228380F66003B2E83 /* LocalizableStrings.swift in Sources */,
				D961D025283731AA00EFEDEB /* SoundHelpView.swift in Sources */,
				D98EC5E12825A05900340BE5 /* Sound.swift in Sources */,
				D958B1AE28394E420010F133 /* SongsView.swift in Sources */,
			);
			runOnlyForDeploymentPostprocessing = 0;
		};
		D9625E8628238F9B00080852 /* Sources */ = {
			isa = PBXSourcesBuildPhase;
			buildActionMask = 2147483647;
			files = (
				D9625E8F28238F9B00080852 /* LocalDatabaseTests.swift in Sources */,
			);
			runOnlyForDeploymentPostprocessing = 0;
		};
/* End PBXSourcesBuildPhase section */

/* Begin PBXTargetDependency section */
		D9625E8C28238F9B00080852 /* PBXTargetDependency */ = {
			isa = PBXTargetDependency;
			target = D9625E7928238F9A00080852 /* MedoDelirioBrasilia */;
			targetProxy = D9625E8B28238F9B00080852 /* PBXContainerItemProxy */;
		};
/* End PBXTargetDependency section */

/* Begin PBXVariantGroup section */
		D980455E28380EFE003B2E83 /* Localizable.strings */ = {
			isa = PBXVariantGroup;
			children = (
				D980455D28380EFE003B2E83 /* en */,
				D980455F28380F05003B2E83 /* pt-BR */,
			);
			name = Localizable.strings;
			sourceTree = "<group>";
		};
/* End PBXVariantGroup section */

/* Begin XCBuildConfiguration section */
		D9625E9C28238F9B00080852 /* Debug */ = {
			isa = XCBuildConfiguration;
			buildSettings = {
				ALWAYS_SEARCH_USER_PATHS = NO;
				CLANG_ANALYZER_NONNULL = YES;
				CLANG_ANALYZER_NUMBER_OBJECT_CONVERSION = YES_AGGRESSIVE;
				CLANG_CXX_LANGUAGE_STANDARD = "gnu++17";
				CLANG_ENABLE_MODULES = YES;
				CLANG_ENABLE_OBJC_ARC = YES;
				CLANG_ENABLE_OBJC_WEAK = YES;
				CLANG_WARN_BLOCK_CAPTURE_AUTORELEASING = YES;
				CLANG_WARN_BOOL_CONVERSION = YES;
				CLANG_WARN_COMMA = YES;
				CLANG_WARN_CONSTANT_CONVERSION = YES;
				CLANG_WARN_DEPRECATED_OBJC_IMPLEMENTATIONS = YES;
				CLANG_WARN_DIRECT_OBJC_ISA_USAGE = YES_ERROR;
				CLANG_WARN_DOCUMENTATION_COMMENTS = YES;
				CLANG_WARN_EMPTY_BODY = YES;
				CLANG_WARN_ENUM_CONVERSION = YES;
				CLANG_WARN_INFINITE_RECURSION = YES;
				CLANG_WARN_INT_CONVERSION = YES;
				CLANG_WARN_NON_LITERAL_NULL_CONVERSION = YES;
				CLANG_WARN_OBJC_IMPLICIT_RETAIN_SELF = YES;
				CLANG_WARN_OBJC_LITERAL_CONVERSION = YES;
				CLANG_WARN_OBJC_ROOT_CLASS = YES_ERROR;
				CLANG_WARN_QUOTED_INCLUDE_IN_FRAMEWORK_HEADER = YES;
				CLANG_WARN_RANGE_LOOP_ANALYSIS = YES;
				CLANG_WARN_STRICT_PROTOTYPES = YES;
				CLANG_WARN_SUSPICIOUS_MOVE = YES;
				CLANG_WARN_UNGUARDED_AVAILABILITY = YES_AGGRESSIVE;
				CLANG_WARN_UNREACHABLE_CODE = YES;
				CLANG_WARN__DUPLICATE_METHOD_MATCH = YES;
				COPY_PHASE_STRIP = NO;
				DEBUG_INFORMATION_FORMAT = dwarf;
				ENABLE_STRICT_OBJC_MSGSEND = YES;
				ENABLE_TESTABILITY = YES;
				GCC_C_LANGUAGE_STANDARD = gnu11;
				GCC_DYNAMIC_NO_PIC = NO;
				GCC_NO_COMMON_BLOCKS = YES;
				GCC_OPTIMIZATION_LEVEL = 0;
				GCC_PREPROCESSOR_DEFINITIONS = (
					"DEBUG=1",
					"$(inherited)",
				);
				GCC_WARN_64_TO_32_BIT_CONVERSION = YES;
				GCC_WARN_ABOUT_RETURN_TYPE = YES_ERROR;
				GCC_WARN_UNDECLARED_SELECTOR = YES;
				GCC_WARN_UNINITIALIZED_AUTOS = YES_AGGRESSIVE;
				GCC_WARN_UNUSED_FUNCTION = YES;
				GCC_WARN_UNUSED_VARIABLE = YES;
				IPHONEOS_DEPLOYMENT_TARGET = 15.0;
				MTL_ENABLE_DEBUG_INFO = INCLUDE_SOURCE;
				MTL_FAST_MATH = YES;
				ONLY_ACTIVE_ARCH = YES;
				SDKROOT = iphoneos;
				SWIFT_ACTIVE_COMPILATION_CONDITIONS = DEBUG;
				SWIFT_OPTIMIZATION_LEVEL = "-Onone";
			};
			name = Debug;
		};
		D9625E9D28238F9B00080852 /* Release */ = {
			isa = XCBuildConfiguration;
			buildSettings = {
				ALWAYS_SEARCH_USER_PATHS = NO;
				CLANG_ANALYZER_NONNULL = YES;
				CLANG_ANALYZER_NUMBER_OBJECT_CONVERSION = YES_AGGRESSIVE;
				CLANG_CXX_LANGUAGE_STANDARD = "gnu++17";
				CLANG_ENABLE_MODULES = YES;
				CLANG_ENABLE_OBJC_ARC = YES;
				CLANG_ENABLE_OBJC_WEAK = YES;
				CLANG_WARN_BLOCK_CAPTURE_AUTORELEASING = YES;
				CLANG_WARN_BOOL_CONVERSION = YES;
				CLANG_WARN_COMMA = YES;
				CLANG_WARN_CONSTANT_CONVERSION = YES;
				CLANG_WARN_DEPRECATED_OBJC_IMPLEMENTATIONS = YES;
				CLANG_WARN_DIRECT_OBJC_ISA_USAGE = YES_ERROR;
				CLANG_WARN_DOCUMENTATION_COMMENTS = YES;
				CLANG_WARN_EMPTY_BODY = YES;
				CLANG_WARN_ENUM_CONVERSION = YES;
				CLANG_WARN_INFINITE_RECURSION = YES;
				CLANG_WARN_INT_CONVERSION = YES;
				CLANG_WARN_NON_LITERAL_NULL_CONVERSION = YES;
				CLANG_WARN_OBJC_IMPLICIT_RETAIN_SELF = YES;
				CLANG_WARN_OBJC_LITERAL_CONVERSION = YES;
				CLANG_WARN_OBJC_ROOT_CLASS = YES_ERROR;
				CLANG_WARN_QUOTED_INCLUDE_IN_FRAMEWORK_HEADER = YES;
				CLANG_WARN_RANGE_LOOP_ANALYSIS = YES;
				CLANG_WARN_STRICT_PROTOTYPES = YES;
				CLANG_WARN_SUSPICIOUS_MOVE = YES;
				CLANG_WARN_UNGUARDED_AVAILABILITY = YES_AGGRESSIVE;
				CLANG_WARN_UNREACHABLE_CODE = YES;
				CLANG_WARN__DUPLICATE_METHOD_MATCH = YES;
				COPY_PHASE_STRIP = NO;
				DEBUG_INFORMATION_FORMAT = "dwarf-with-dsym";
				ENABLE_NS_ASSERTIONS = NO;
				ENABLE_STRICT_OBJC_MSGSEND = YES;
				GCC_C_LANGUAGE_STANDARD = gnu11;
				GCC_NO_COMMON_BLOCKS = YES;
				GCC_WARN_64_TO_32_BIT_CONVERSION = YES;
				GCC_WARN_ABOUT_RETURN_TYPE = YES_ERROR;
				GCC_WARN_UNDECLARED_SELECTOR = YES;
				GCC_WARN_UNINITIALIZED_AUTOS = YES_AGGRESSIVE;
				GCC_WARN_UNUSED_FUNCTION = YES;
				GCC_WARN_UNUSED_VARIABLE = YES;
				IPHONEOS_DEPLOYMENT_TARGET = 15.0;
				MTL_ENABLE_DEBUG_INFO = NO;
				MTL_FAST_MATH = YES;
				SDKROOT = iphoneos;
				SWIFT_COMPILATION_MODE = wholemodule;
				SWIFT_OPTIMIZATION_LEVEL = "-O";
				VALIDATE_PRODUCT = YES;
			};
			name = Release;
		};
		D9625E9F28238F9B00080852 /* Debug */ = {
			isa = XCBuildConfiguration;
			buildSettings = {
				ASSETCATALOG_COMPILER_APPICON_NAME = AppIcon;
				ASSETCATALOG_COMPILER_GLOBAL_ACCENT_COLOR_NAME = AccentColor;
				CODE_SIGN_STYLE = Automatic;
				CURRENT_PROJECT_VERSION = 1;
				DEVELOPMENT_ASSET_PATHS = "\"MedoDelirioBrasilia/Preview Content\"";
				DEVELOPMENT_TEAM = L8X3H5XA82;
				ENABLE_PREVIEWS = YES;
				GENERATE_INFOPLIST_FILE = YES;
				INFOPLIST_KEY_UIApplicationSceneManifest_Generation = YES;
				INFOPLIST_KEY_UIApplicationSupportsIndirectInputEvents = YES;
				INFOPLIST_KEY_UILaunchScreen_Generation = YES;
				INFOPLIST_KEY_UISupportedInterfaceOrientations_iPad = "UIInterfaceOrientationPortrait UIInterfaceOrientationPortraitUpsideDown UIInterfaceOrientationLandscapeLeft UIInterfaceOrientationLandscapeRight";
				INFOPLIST_KEY_UISupportedInterfaceOrientations_iPhone = "UIInterfaceOrientationPortrait UIInterfaceOrientationLandscapeLeft UIInterfaceOrientationLandscapeRight";
				IPHONEOS_DEPLOYMENT_TARGET = 15.0;
				LD_RUNPATH_SEARCH_PATHS = (
					"$(inherited)",
					"@executable_path/Frameworks",
				);
				MARKETING_VERSION = 1.2;
				PRODUCT_BUNDLE_IDENTIFIER = com.rafaelschmitt.MedoDelirioBrasilia;
				PRODUCT_NAME = "Medo e Delírio";
				SWIFT_EMIT_LOC_STRINGS = YES;
				SWIFT_VERSION = 5.0;
				TARGETED_DEVICE_FAMILY = 1;
			};
			name = Debug;
		};
		D9625EA028238F9B00080852 /* Release */ = {
			isa = XCBuildConfiguration;
			buildSettings = {
				ASSETCATALOG_COMPILER_APPICON_NAME = AppIcon;
				ASSETCATALOG_COMPILER_GLOBAL_ACCENT_COLOR_NAME = AccentColor;
				CODE_SIGN_STYLE = Automatic;
				CURRENT_PROJECT_VERSION = 1;
				DEVELOPMENT_ASSET_PATHS = "\"MedoDelirioBrasilia/Preview Content\"";
				DEVELOPMENT_TEAM = L8X3H5XA82;
				ENABLE_PREVIEWS = YES;
				GENERATE_INFOPLIST_FILE = YES;
				INFOPLIST_KEY_UIApplicationSceneManifest_Generation = YES;
				INFOPLIST_KEY_UIApplicationSupportsIndirectInputEvents = YES;
				INFOPLIST_KEY_UILaunchScreen_Generation = YES;
				INFOPLIST_KEY_UISupportedInterfaceOrientations_iPad = "UIInterfaceOrientationPortrait UIInterfaceOrientationPortraitUpsideDown UIInterfaceOrientationLandscapeLeft UIInterfaceOrientationLandscapeRight";
				INFOPLIST_KEY_UISupportedInterfaceOrientations_iPhone = "UIInterfaceOrientationPortrait UIInterfaceOrientationLandscapeLeft UIInterfaceOrientationLandscapeRight";
				IPHONEOS_DEPLOYMENT_TARGET = 15.0;
				LD_RUNPATH_SEARCH_PATHS = (
					"$(inherited)",
					"@executable_path/Frameworks",
				);
				MARKETING_VERSION = 1.2;
				PRODUCT_BUNDLE_IDENTIFIER = com.rafaelschmitt.MedoDelirioBrasilia;
				PRODUCT_NAME = "Medo e Delírio";
				SWIFT_EMIT_LOC_STRINGS = YES;
				SWIFT_VERSION = 5.0;
				TARGETED_DEVICE_FAMILY = 1;
			};
			name = Release;
		};
		D9625EA228238F9B00080852 /* Debug */ = {
			isa = XCBuildConfiguration;
			buildSettings = {
				ALWAYS_EMBED_SWIFT_STANDARD_LIBRARIES = YES;
				BUNDLE_LOADER = "$(TEST_HOST)";
				CODE_SIGN_STYLE = Automatic;
				CURRENT_PROJECT_VERSION = 1;
				DEVELOPMENT_TEAM = L8X3H5XA82;
				GENERATE_INFOPLIST_FILE = YES;
				IPHONEOS_DEPLOYMENT_TARGET = 15.4;
				MARKETING_VERSION = 1.0;
				PRODUCT_BUNDLE_IDENTIFIER = com.rafaelschmitt.MedoDelirioBrasiliaTests;
				PRODUCT_NAME = "$(TARGET_NAME)";
				SWIFT_EMIT_LOC_STRINGS = NO;
				SWIFT_VERSION = 5.0;
				TARGETED_DEVICE_FAMILY = "1,2";
				TEST_HOST = "$(BUILT_PRODUCTS_DIR)/Medo e Delírio.app/Medo e Delírio";
			};
			name = Debug;
		};
		D9625EA328238F9B00080852 /* Release */ = {
			isa = XCBuildConfiguration;
			buildSettings = {
				ALWAYS_EMBED_SWIFT_STANDARD_LIBRARIES = YES;
				BUNDLE_LOADER = "$(TEST_HOST)";
				CODE_SIGN_STYLE = Automatic;
				CURRENT_PROJECT_VERSION = 1;
				DEVELOPMENT_TEAM = L8X3H5XA82;
				GENERATE_INFOPLIST_FILE = YES;
				IPHONEOS_DEPLOYMENT_TARGET = 15.4;
				MARKETING_VERSION = 1.0;
				PRODUCT_BUNDLE_IDENTIFIER = com.rafaelschmitt.MedoDelirioBrasiliaTests;
				PRODUCT_NAME = "$(TARGET_NAME)";
				SWIFT_EMIT_LOC_STRINGS = NO;
				SWIFT_VERSION = 5.0;
				TARGETED_DEVICE_FAMILY = "1,2";
				TEST_HOST = "$(BUILT_PRODUCTS_DIR)/Medo e Delírio.app/Medo e Delírio";
			};
			name = Release;
		};
/* End XCBuildConfiguration section */

/* Begin XCConfigurationList section */
		D9625E7528238F9A00080852 /* Build configuration list for PBXProject "MedoDelirioBrasilia" */ = {
			isa = XCConfigurationList;
			buildConfigurations = (
				D9625E9C28238F9B00080852 /* Debug */,
				D9625E9D28238F9B00080852 /* Release */,
			);
			defaultConfigurationIsVisible = 0;
			defaultConfigurationName = Release;
		};
		D9625E9E28238F9B00080852 /* Build configuration list for PBXNativeTarget "MedoDelirioBrasilia" */ = {
			isa = XCConfigurationList;
			buildConfigurations = (
				D9625E9F28238F9B00080852 /* Debug */,
				D9625EA028238F9B00080852 /* Release */,
			);
			defaultConfigurationIsVisible = 0;
			defaultConfigurationName = Release;
		};
		D9625EA128238F9B00080852 /* Build configuration list for PBXNativeTarget "MedoDelirioBrasiliaTests" */ = {
			isa = XCConfigurationList;
			buildConfigurations = (
				D9625EA228238F9B00080852 /* Debug */,
				D9625EA328238F9B00080852 /* Release */,
			);
			defaultConfigurationIsVisible = 0;
			defaultConfigurationName = Release;
		};
/* End XCConfigurationList section */

/* Begin XCRemoteSwiftPackageReference section */
		D9E69590283D2E2C00C341B2 /* XCRemoteSwiftPackageReference "SQLite" */ = {
			isa = XCRemoteSwiftPackageReference;
			repositoryURL = "https://github.com/stephencelis/SQLite.swift";
			requirement = {
				kind = upToNextMajorVersion;
				minimumVersion = 0.9.2;
			};
		};
/* End XCRemoteSwiftPackageReference section */

/* Begin XCSwiftPackageProductDependency section */
		D9E69591283D2E2C00C341B2 /* SQLite */ = {
			isa = XCSwiftPackageProductDependency;
			package = D9E69590283D2E2C00C341B2 /* XCRemoteSwiftPackageReference "SQLite" */;
			productName = SQLite;
		};
/* End XCSwiftPackageProductDependency section */
	};
	rootObject = D9625E7228238F9A00080852 /* Project object */;
}
