{
  "pins" : [
    {
      "identity" : "sqlite.swift",
      "kind" : "remoteSourceControl",
      "location" : "https://github.com/stephencelis/SQLite.swift",
      "state" : {
        "revision" : "7a2e3cd27de56f6d396e84f63beefd0267b55ccb",
        "version" : "0.14.1"
      }
    },
    {
      "identity" : "sqlitemigrationmanager.swift",
      "kind" : "remoteSourceControl",
      "location" : "https://github.com/garriguv/SQLiteMigrationManager.swift",
      "state" : {
        "revision" : "1ae71f0b0badb1538fad655d4b8894ad2a01846a",
        "version" : "0.8.1"
      }
    }
  ],
  "version" : 2
}
